// !$*UTF8*$!
{
	archiveVersion = 1;
	classes = {
	};
	objectVersion = 55;
	objects = {

/* Begin PBXBuildFile section */
		674F280D28874ABB00E95577 /* AEPSampleWatchApp WatchKit App.app in Embed Watch Content */ = {isa = PBXBuildFile; fileRef = 674F280C28874ABB00E95577 /* AEPSampleWatchApp WatchKit App.app */; settings = {ATTRIBUTES = (RemoveHeadersOnCopy, ); }; };
		674F281228874ABC00E95577 /* Assets.xcassets in Resources */ = {isa = PBXBuildFile; fileRef = 674F281128874ABC00E95577 /* Assets.xcassets */; };
		674F281828874ABC00E95577 /* AEPSampleWatchApp WatchKit Extension.appex in Embed App Extensions */ = {isa = PBXBuildFile; fileRef = 674F281728874ABC00E95577 /* AEPSampleWatchApp WatchKit Extension.appex */; settings = {ATTRIBUTES = (RemoveHeadersOnCopy, ); }; };
		674F281D28874ABC00E95577 /* AEPSampleWatchAppApp.swift in Sources */ = {isa = PBXBuildFile; fileRef = 674F281C28874ABC00E95577 /* AEPSampleWatchAppApp.swift */; };
		674F281F28874ABC00E95577 /* ContentView.swift in Sources */ = {isa = PBXBuildFile; fileRef = 674F281E28874ABC00E95577 /* ContentView.swift */; };
		674F282128874ABC00E95577 /* NotificationController.swift in Sources */ = {isa = PBXBuildFile; fileRef = 674F282028874ABC00E95577 /* NotificationController.swift */; };
		674F282328874ABC00E95577 /* NotificationView.swift in Sources */ = {isa = PBXBuildFile; fileRef = 674F282228874ABC00E95577 /* NotificationView.swift */; };
		674F282528874ABC00E95577 /* ComplicationController.swift in Sources */ = {isa = PBXBuildFile; fileRef = 674F282428874ABC00E95577 /* ComplicationController.swift */; };
		674F282728874ABD00E95577 /* Assets.xcassets in Resources */ = {isa = PBXBuildFile; fileRef = 674F282628874ABD00E95577 /* Assets.xcassets */; };
		674F282A28874ABD00E95577 /* Preview Assets.xcassets in Resources */ = {isa = PBXBuildFile; fileRef = 674F282928874ABD00E95577 /* Preview Assets.xcassets */; };
		70F9A7DF4CFEEAEF23841E8A /* Pods_AEPSampleWatchApp.framework in Frameworks */ = {isa = PBXBuildFile; fileRef = 7F4D1B99C9A1A35309736D59 /* Pods_AEPSampleWatchApp.framework */; };
/* End PBXBuildFile section */

/* Begin PBXContainerItemProxy section */
		674F280E28874ABB00E95577 /* PBXContainerItemProxy */ = {
			isa = PBXContainerItemProxy;
			containerPortal = 674F280228874ABB00E95577 /* Project object */;
			proxyType = 1;
			remoteGlobalIDString = 674F280B28874ABB00E95577;
			remoteInfo = "AEPSampleWatchApp WatchKit App";
		};
		674F281928874ABC00E95577 /* PBXContainerItemProxy */ = {
			isa = PBXContainerItemProxy;
			containerPortal = 674F280228874ABB00E95577 /* Project object */;
			proxyType = 1;
			remoteGlobalIDString = 674F281628874ABC00E95577;
			remoteInfo = "AEPSampleWatchApp WatchKit Extension";
		};
/* End PBXContainerItemProxy section */

/* Begin PBXCopyFilesBuildPhase section */
		674F283228874ABD00E95577 /* Embed App Extensions */ = {
			isa = PBXCopyFilesBuildPhase;
			buildActionMask = 2147483647;
			dstPath = "";
			dstSubfolderSpec = 13;
			files = (
				674F281828874ABC00E95577 /* AEPSampleWatchApp WatchKit Extension.appex in Embed App Extensions */,
			);
			name = "Embed App Extensions";
			runOnlyForDeploymentPostprocessing = 0;
		};
		674F283628874ABD00E95577 /* Embed Watch Content */ = {
			isa = PBXCopyFilesBuildPhase;
			buildActionMask = 2147483647;
			dstPath = "$(CONTENTS_FOLDER_PATH)/Watch";
			dstSubfolderSpec = 16;
			files = (
				674F280D28874ABB00E95577 /* AEPSampleWatchApp WatchKit App.app in Embed Watch Content */,
			);
			name = "Embed Watch Content";
			runOnlyForDeploymentPostprocessing = 0;
		};
/* End PBXCopyFilesBuildPhase section */

/* Begin PBXFileReference section */
		32DE21147CECADFFCB4FA9FF /* Pods-AEPSampleWatchApp.debug.xcconfig */ = {isa = PBXFileReference; includeInIndex = 1; lastKnownFileType = text.xcconfig; name = "Pods-AEPSampleWatchApp.debug.xcconfig"; path = "Target Support Files/Pods-AEPSampleWatchApp/Pods-AEPSampleWatchApp.debug.xcconfig"; sourceTree = "<group>"; };
		674F280828874ABB00E95577 /* AEPSampleWatchApp.app */ = {isa = PBXFileReference; explicitFileType = wrapper.application; includeInIndex = 0; path = AEPSampleWatchApp.app; sourceTree = BUILT_PRODUCTS_DIR; };
		674F280C28874ABB00E95577 /* AEPSampleWatchApp WatchKit App.app */ = {isa = PBXFileReference; explicitFileType = wrapper.application; includeInIndex = 0; path = "AEPSampleWatchApp WatchKit App.app"; sourceTree = BUILT_PRODUCTS_DIR; };
		674F281128874ABC00E95577 /* Assets.xcassets */ = {isa = PBXFileReference; lastKnownFileType = folder.assetcatalog; path = Assets.xcassets; sourceTree = "<group>"; };
		674F281728874ABC00E95577 /* AEPSampleWatchApp WatchKit Extension.appex */ = {isa = PBXFileReference; explicitFileType = "wrapper.app-extension"; includeInIndex = 0; path = "AEPSampleWatchApp WatchKit Extension.appex"; sourceTree = BUILT_PRODUCTS_DIR; };
		674F281C28874ABC00E95577 /* AEPSampleWatchAppApp.swift */ = {isa = PBXFileReference; lastKnownFileType = sourcecode.swift; path = AEPSampleWatchAppApp.swift; sourceTree = "<group>"; };
		674F281E28874ABC00E95577 /* ContentView.swift */ = {isa = PBXFileReference; lastKnownFileType = sourcecode.swift; path = ContentView.swift; sourceTree = "<group>"; };
		674F282028874ABC00E95577 /* NotificationController.swift */ = {isa = PBXFileReference; lastKnownFileType = sourcecode.swift; path = NotificationController.swift; sourceTree = "<group>"; };
		674F282228874ABC00E95577 /* NotificationView.swift */ = {isa = PBXFileReference; lastKnownFileType = sourcecode.swift; path = NotificationView.swift; sourceTree = "<group>"; };
		674F282428874ABC00E95577 /* ComplicationController.swift */ = {isa = PBXFileReference; lastKnownFileType = sourcecode.swift; path = ComplicationController.swift; sourceTree = "<group>"; };
		674F282628874ABD00E95577 /* Assets.xcassets */ = {isa = PBXFileReference; lastKnownFileType = folder.assetcatalog; path = Assets.xcassets; sourceTree = "<group>"; };
		674F282928874ABD00E95577 /* Preview Assets.xcassets */ = {isa = PBXFileReference; lastKnownFileType = folder.assetcatalog; path = "Preview Assets.xcassets"; sourceTree = "<group>"; };
		674F282B28874ABD00E95577 /* Info.plist */ = {isa = PBXFileReference; lastKnownFileType = text.plist.xml; path = Info.plist; sourceTree = "<group>"; };
		674F282C28874ABD00E95577 /* PushNotificationPayload.apns */ = {isa = PBXFileReference; lastKnownFileType = text; path = PushNotificationPayload.apns; sourceTree = "<group>"; };
		7F4D1B99C9A1A35309736D59 /* Pods_AEPSampleWatchApp.framework */ = {isa = PBXFileReference; explicitFileType = wrapper.framework; includeInIndex = 0; path = Pods_AEPSampleWatchApp.framework; sourceTree = BUILT_PRODUCTS_DIR; };
		92AED68EE9D6BDA25E6A2621 /* Pods-AEPSampleWatchApp.release.xcconfig */ = {isa = PBXFileReference; includeInIndex = 1; lastKnownFileType = text.xcconfig; name = "Pods-AEPSampleWatchApp.release.xcconfig"; path = "Target Support Files/Pods-AEPSampleWatchApp/Pods-AEPSampleWatchApp.release.xcconfig"; sourceTree = "<group>"; };
/* End PBXFileReference section */

/* Begin PBXFrameworksBuildPhase section */
		5990F9EBFDD2145813AFF68B /* Frameworks */ = {
			isa = PBXFrameworksBuildPhase;
			buildActionMask = 2147483647;
			files = (
				70F9A7DF4CFEEAEF23841E8A /* Pods_AEPSampleWatchApp.framework in Frameworks */,
			);
			runOnlyForDeploymentPostprocessing = 0;
		};
		674F281428874ABC00E95577 /* Frameworks */ = {
			isa = PBXFrameworksBuildPhase;
			buildActionMask = 2147483647;
			files = (
			);
			runOnlyForDeploymentPostprocessing = 0;
		};
/* End PBXFrameworksBuildPhase section */

/* Begin PBXGroup section */
		5B4CE9635757D5A866EF792A /* Pods */ = {
			isa = PBXGroup;
			children = (
				32DE21147CECADFFCB4FA9FF /* Pods-AEPSampleWatchApp.debug.xcconfig */,
				92AED68EE9D6BDA25E6A2621 /* Pods-AEPSampleWatchApp.release.xcconfig */,
			);
			name = Pods;
			path = Pods;
			sourceTree = "<group>";
		};
		674F280128874ABB00E95577 = {
			isa = PBXGroup;
			children = (
				674F281028874ABB00E95577 /* AEPSampleWatchApp WatchKit App */,
				674F281B28874ABC00E95577 /* AEPSampleWatchApp WatchKit Extension */,
				674F280928874ABB00E95577 /* Products */,
				5B4CE9635757D5A866EF792A /* Pods */,
				B3CCF14C605B527903379301 /* Frameworks */,
			);
			sourceTree = "<group>";
		};
		674F280928874ABB00E95577 /* Products */ = {
			isa = PBXGroup;
			children = (
				674F280828874ABB00E95577 /* AEPSampleWatchApp.app */,
				674F280C28874ABB00E95577 /* AEPSampleWatchApp WatchKit App.app */,
				674F281728874ABC00E95577 /* AEPSampleWatchApp WatchKit Extension.appex */,
			);
			name = Products;
			sourceTree = "<group>";
		};
		674F281028874ABB00E95577 /* AEPSampleWatchApp WatchKit App */ = {
			isa = PBXGroup;
			children = (
				674F281128874ABC00E95577 /* Assets.xcassets */,
			);
			path = "AEPSampleWatchApp WatchKit App";
			sourceTree = "<group>";
		};
		674F281B28874ABC00E95577 /* AEPSampleWatchApp WatchKit Extension */ = {
			isa = PBXGroup;
			children = (
				674F281C28874ABC00E95577 /* AEPSampleWatchAppApp.swift */,
				674F281E28874ABC00E95577 /* ContentView.swift */,
				674F282028874ABC00E95577 /* NotificationController.swift */,
				674F282228874ABC00E95577 /* NotificationView.swift */,
				674F282428874ABC00E95577 /* ComplicationController.swift */,
				674F282628874ABD00E95577 /* Assets.xcassets */,
				674F282B28874ABD00E95577 /* Info.plist */,
				674F282C28874ABD00E95577 /* PushNotificationPayload.apns */,
				674F282828874ABD00E95577 /* Preview Content */,
			);
			path = "AEPSampleWatchApp WatchKit Extension";
			sourceTree = "<group>";
		};
		674F282828874ABD00E95577 /* Preview Content */ = {
			isa = PBXGroup;
			children = (
				674F282928874ABD00E95577 /* Preview Assets.xcassets */,
			);
			path = "Preview Content";
			sourceTree = "<group>";
		};
		B3CCF14C605B527903379301 /* Frameworks */ = {
			isa = PBXGroup;
			children = (
				7F4D1B99C9A1A35309736D59 /* Pods_AEPSampleWatchApp.framework */,
			);
			name = Frameworks;
			sourceTree = "<group>";
		};
/* End PBXGroup section */

/* Begin PBXNativeTarget section */
		674F280728874ABB00E95577 /* AEPSampleWatchApp */ = {
			isa = PBXNativeTarget;
			buildConfigurationList = 674F283728874ABD00E95577 /* Build configuration list for PBXNativeTarget "AEPSampleWatchApp" */;
			buildPhases = (
				85832E1BBE34748D2E69FF64 /* [CP] Check Pods Manifest.lock */,
				674F280628874ABB00E95577 /* Resources */,
				674F283628874ABD00E95577 /* Embed Watch Content */,
				5990F9EBFDD2145813AFF68B /* Frameworks */,
			);
			buildRules = (
			);
			dependencies = (
				674F280F28874ABB00E95577 /* PBXTargetDependency */,
			);
			name = AEPSampleWatchApp;
			productName = AEPSampleWatchApp;
			productReference = 674F280828874ABB00E95577 /* AEPSampleWatchApp.app */;
			productType = "com.apple.product-type.application.watchapp2-container";
		};
		674F280B28874ABB00E95577 /* AEPSampleWatchApp WatchKit App */ = {
			isa = PBXNativeTarget;
			buildConfigurationList = 674F283328874ABD00E95577 /* Build configuration list for PBXNativeTarget "AEPSampleWatchApp WatchKit App" */;
			buildPhases = (
				674F280A28874ABB00E95577 /* Resources */,
				674F283228874ABD00E95577 /* Embed App Extensions */,
			);
			buildRules = (
			);
			dependencies = (
				674F281A28874ABC00E95577 /* PBXTargetDependency */,
			);
			name = "AEPSampleWatchApp WatchKit App";
			productName = "AEPSampleWatchApp WatchKit App";
			productReference = 674F280C28874ABB00E95577 /* AEPSampleWatchApp WatchKit App.app */;
			productType = "com.apple.product-type.application.watchapp2";
		};
		674F281628874ABC00E95577 /* AEPSampleWatchApp WatchKit Extension */ = {
			isa = PBXNativeTarget;
			buildConfigurationList = 674F282F28874ABD00E95577 /* Build configuration list for PBXNativeTarget "AEPSampleWatchApp WatchKit Extension" */;
			buildPhases = (
				674F281328874ABC00E95577 /* Sources */,
				674F281428874ABC00E95577 /* Frameworks */,
				674F281528874ABC00E95577 /* Resources */,
			);
			buildRules = (
			);
			dependencies = (
			);
			name = "AEPSampleWatchApp WatchKit Extension";
			productName = "AEPSampleWatchApp WatchKit Extension";
			productReference = 674F281728874ABC00E95577 /* AEPSampleWatchApp WatchKit Extension.appex */;
			productType = "com.apple.product-type.watchkit2-extension";
		};
/* End PBXNativeTarget section */

/* Begin PBXProject section */
		674F280228874ABB00E95577 /* Project object */ = {
			isa = PBXProject;
			attributes = {
				BuildIndependentTargetsInParallel = 1;
				LastSwiftUpdateCheck = 1340;
				LastUpgradeCheck = 1340;
				TargetAttributes = {
					674F280728874ABB00E95577 = {
						CreatedOnToolsVersion = 13.4.1;
					};
					674F280B28874ABB00E95577 = {
						CreatedOnToolsVersion = 13.4.1;
					};
					674F281628874ABC00E95577 = {
						CreatedOnToolsVersion = 13.4.1;
					};
				};
			};
			buildConfigurationList = 674F280528874ABB00E95577 /* Build configuration list for PBXProject "AEPSampleWatchApp" */;
			compatibilityVersion = "Xcode 13.0";
			developmentRegion = en;
			hasScannedForEncodings = 0;
			knownRegions = (
				en,
				Base,
			);
			mainGroup = 674F280128874ABB00E95577;
			productRefGroup = 674F280928874ABB00E95577 /* Products */;
			projectDirPath = "";
			projectRoot = "";
			targets = (
				674F280728874ABB00E95577 /* AEPSampleWatchApp */,
				674F280B28874ABB00E95577 /* AEPSampleWatchApp WatchKit App */,
				674F281628874ABC00E95577 /* AEPSampleWatchApp WatchKit Extension */,
			);
		};
/* End PBXProject section */

/* Begin PBXResourcesBuildPhase section */
		674F280628874ABB00E95577 /* Resources */ = {
			isa = PBXResourcesBuildPhase;
			buildActionMask = 2147483647;
			files = (
			);
			runOnlyForDeploymentPostprocessing = 0;
		};
		674F280A28874ABB00E95577 /* Resources */ = {
			isa = PBXResourcesBuildPhase;
			buildActionMask = 2147483647;
			files = (
				674F281228874ABC00E95577 /* Assets.xcassets in Resources */,
			);
			runOnlyForDeploymentPostprocessing = 0;
		};
		674F281528874ABC00E95577 /* Resources */ = {
			isa = PBXResourcesBuildPhase;
			buildActionMask = 2147483647;
			files = (
				674F282A28874ABD00E95577 /* Preview Assets.xcassets in Resources */,
				674F282728874ABD00E95577 /* Assets.xcassets in Resources */,
			);
			runOnlyForDeploymentPostprocessing = 0;
		};
/* End PBXResourcesBuildPhase section */

/* Begin PBXShellScriptBuildPhase section */
		85832E1BBE34748D2E69FF64 /* [CP] Check Pods Manifest.lock */ = {
			isa = PBXShellScriptBuildPhase;
			buildActionMask = 2147483647;
			files = (
			);
			inputFileListPaths = (
			);
			inputPaths = (
				"${PODS_PODFILE_DIR_PATH}/Podfile.lock",
				"${PODS_ROOT}/Manifest.lock",
			);
			name = "[CP] Check Pods Manifest.lock";
			outputFileListPaths = (
			);
			outputPaths = (
				"$(DERIVED_FILE_DIR)/Pods-AEPSampleWatchApp-checkManifestLockResult.txt",
			);
			runOnlyForDeploymentPostprocessing = 0;
			shellPath = /bin/sh;
			shellScript = "diff \"${PODS_PODFILE_DIR_PATH}/Podfile.lock\" \"${PODS_ROOT}/Manifest.lock\" > /dev/null\nif [ $? != 0 ] ; then\n    # print error to STDERR\n    echo \"error: The sandbox is not in sync with the Podfile.lock. Run 'pod install' or update your CocoaPods installation.\" >&2\n    exit 1\nfi\n# This output is used by Xcode 'outputs' to avoid re-running this script phase.\necho \"SUCCESS\" > \"${SCRIPT_OUTPUT_FILE_0}\"\n";
			showEnvVarsInLog = 0;
		};
/* End PBXShellScriptBuildPhase section */

/* Begin PBXSourcesBuildPhase section */
		674F281328874ABC00E95577 /* Sources */ = {
			isa = PBXSourcesBuildPhase;
			buildActionMask = 2147483647;
			files = (
				674F282128874ABC00E95577 /* NotificationController.swift in Sources */,
				674F281F28874ABC00E95577 /* ContentView.swift in Sources */,
				674F282528874ABC00E95577 /* ComplicationController.swift in Sources */,
				674F281D28874ABC00E95577 /* AEPSampleWatchAppApp.swift in Sources */,
				674F282328874ABC00E95577 /* NotificationView.swift in Sources */,
			);
			runOnlyForDeploymentPostprocessing = 0;
		};
/* End PBXSourcesBuildPhase section */

/* Begin PBXTargetDependency section */
		674F280F28874ABB00E95577 /* PBXTargetDependency */ = {
			isa = PBXTargetDependency;
			target = 674F280B28874ABB00E95577 /* AEPSampleWatchApp WatchKit App */;
			targetProxy = 674F280E28874ABB00E95577 /* PBXContainerItemProxy */;
		};
		674F281A28874ABC00E95577 /* PBXTargetDependency */ = {
			isa = PBXTargetDependency;
			target = 674F281628874ABC00E95577 /* AEPSampleWatchApp WatchKit Extension */;
			targetProxy = 674F281928874ABC00E95577 /* PBXContainerItemProxy */;
		};
/* End PBXTargetDependency section */

/* Begin XCBuildConfiguration section */
		674F282D28874ABD00E95577 /* Debug */ = {
			isa = XCBuildConfiguration;
			buildSettings = {
				ALWAYS_SEARCH_USER_PATHS = NO;
				CLANG_ANALYZER_NONNULL = YES;
				CLANG_ANALYZER_NUMBER_OBJECT_CONVERSION = YES_AGGRESSIVE;
				CLANG_CXX_LANGUAGE_STANDARD = "gnu++17";
				CLANG_ENABLE_MODULES = YES;
				CLANG_ENABLE_OBJC_ARC = YES;
				CLANG_ENABLE_OBJC_WEAK = YES;
				CLANG_WARN_BLOCK_CAPTURE_AUTORELEASING = YES;
				CLANG_WARN_BOOL_CONVERSION = YES;
				CLANG_WARN_COMMA = YES;
				CLANG_WARN_CONSTANT_CONVERSION = YES;
				CLANG_WARN_DEPRECATED_OBJC_IMPLEMENTATIONS = YES;
				CLANG_WARN_DIRECT_OBJC_ISA_USAGE = YES_ERROR;
				CLANG_WARN_DOCUMENTATION_COMMENTS = YES;
				CLANG_WARN_EMPTY_BODY = YES;
				CLANG_WARN_ENUM_CONVERSION = YES;
				CLANG_WARN_INFINITE_RECURSION = YES;
				CLANG_WARN_INT_CONVERSION = YES;
				CLANG_WARN_NON_LITERAL_NULL_CONVERSION = YES;
				CLANG_WARN_OBJC_IMPLICIT_RETAIN_SELF = YES;
				CLANG_WARN_OBJC_LITERAL_CONVERSION = YES;
				CLANG_WARN_OBJC_ROOT_CLASS = YES_ERROR;
				CLANG_WARN_QUOTED_INCLUDE_IN_FRAMEWORK_HEADER = YES;
				CLANG_WARN_RANGE_LOOP_ANALYSIS = YES;
				CLANG_WARN_STRICT_PROTOTYPES = YES;
				CLANG_WARN_SUSPICIOUS_MOVE = YES;
				CLANG_WARN_UNGUARDED_AVAILABILITY = YES_AGGRESSIVE;
				CLANG_WARN_UNREACHABLE_CODE = YES;
				CLANG_WARN__DUPLICATE_METHOD_MATCH = YES;
				COPY_PHASE_STRIP = NO;
				DEBUG_INFORMATION_FORMAT = dwarf;
				ENABLE_STRICT_OBJC_MSGSEND = YES;
				ENABLE_TESTABILITY = YES;
				GCC_C_LANGUAGE_STANDARD = gnu11;
				GCC_DYNAMIC_NO_PIC = NO;
				GCC_NO_COMMON_BLOCKS = YES;
				GCC_OPTIMIZATION_LEVEL = 0;
				GCC_PREPROCESSOR_DEFINITIONS = (
					"DEBUG=1",
					"$(inherited)",
				);
				GCC_WARN_64_TO_32_BIT_CONVERSION = YES;
				GCC_WARN_ABOUT_RETURN_TYPE = YES_ERROR;
				GCC_WARN_UNDECLARED_SELECTOR = YES;
				GCC_WARN_UNINITIALIZED_AUTOS = YES_AGGRESSIVE;
				GCC_WARN_UNUSED_FUNCTION = YES;
				GCC_WARN_UNUSED_VARIABLE = YES;
				MTL_ENABLE_DEBUG_INFO = INCLUDE_SOURCE;
				MTL_FAST_MATH = YES;
				ONLY_ACTIVE_ARCH = YES;
				SDKROOT = iphoneos;
				SWIFT_ACTIVE_COMPILATION_CONDITIONS = DEBUG;
				SWIFT_OPTIMIZATION_LEVEL = "-Onone";
			};
			name = Debug;
		};
		674F282E28874ABD00E95577 /* Release */ = {
			isa = XCBuildConfiguration;
			buildSettings = {
				ALWAYS_SEARCH_USER_PATHS = NO;
				CLANG_ANALYZER_NONNULL = YES;
				CLANG_ANALYZER_NUMBER_OBJECT_CONVERSION = YES_AGGRESSIVE;
				CLANG_CXX_LANGUAGE_STANDARD = "gnu++17";
				CLANG_ENABLE_MODULES = YES;
				CLANG_ENABLE_OBJC_ARC = YES;
				CLANG_ENABLE_OBJC_WEAK = YES;
				CLANG_WARN_BLOCK_CAPTURE_AUTORELEASING = YES;
				CLANG_WARN_BOOL_CONVERSION = YES;
				CLANG_WARN_COMMA = YES;
				CLANG_WARN_CONSTANT_CONVERSION = YES;
				CLANG_WARN_DEPRECATED_OBJC_IMPLEMENTATIONS = YES;
				CLANG_WARN_DIRECT_OBJC_ISA_USAGE = YES_ERROR;
				CLANG_WARN_DOCUMENTATION_COMMENTS = YES;
				CLANG_WARN_EMPTY_BODY = YES;
				CLANG_WARN_ENUM_CONVERSION = YES;
				CLANG_WARN_INFINITE_RECURSION = YES;
				CLANG_WARN_INT_CONVERSION = YES;
				CLANG_WARN_NON_LITERAL_NULL_CONVERSION = YES;
				CLANG_WARN_OBJC_IMPLICIT_RETAIN_SELF = YES;
				CLANG_WARN_OBJC_LITERAL_CONVERSION = YES;
				CLANG_WARN_OBJC_ROOT_CLASS = YES_ERROR;
				CLANG_WARN_QUOTED_INCLUDE_IN_FRAMEWORK_HEADER = YES;
				CLANG_WARN_RANGE_LOOP_ANALYSIS = YES;
				CLANG_WARN_STRICT_PROTOTYPES = YES;
				CLANG_WARN_SUSPICIOUS_MOVE = YES;
				CLANG_WARN_UNGUARDED_AVAILABILITY = YES_AGGRESSIVE;
				CLANG_WARN_UNREACHABLE_CODE = YES;
				CLANG_WARN__DUPLICATE_METHOD_MATCH = YES;
				COPY_PHASE_STRIP = NO;
				DEBUG_INFORMATION_FORMAT = "dwarf-with-dsym";
				ENABLE_NS_ASSERTIONS = NO;
				ENABLE_STRICT_OBJC_MSGSEND = YES;
				GCC_C_LANGUAGE_STANDARD = gnu11;
				GCC_NO_COMMON_BLOCKS = YES;
				GCC_WARN_64_TO_32_BIT_CONVERSION = YES;
				GCC_WARN_ABOUT_RETURN_TYPE = YES_ERROR;
				GCC_WARN_UNDECLARED_SELECTOR = YES;
				GCC_WARN_UNINITIALIZED_AUTOS = YES_AGGRESSIVE;
				GCC_WARN_UNUSED_FUNCTION = YES;
				GCC_WARN_UNUSED_VARIABLE = YES;
				MTL_ENABLE_DEBUG_INFO = NO;
				MTL_FAST_MATH = YES;
				SDKROOT = iphoneos;
				SWIFT_COMPILATION_MODE = wholemodule;
				SWIFT_OPTIMIZATION_LEVEL = "-O";
				VALIDATE_PRODUCT = YES;
			};
			name = Release;
		};
		674F283028874ABD00E95577 /* Debug */ = {
			isa = XCBuildConfiguration;
			buildSettings = {
				ASSETCATALOG_COMPILER_COMPLICATION_NAME = Complication;
				CODE_SIGN_STYLE = Automatic;
				CURRENT_PROJECT_VERSION = 1;
				DEVELOPMENT_ASSET_PATHS = "\"AEPSampleWatchApp WatchKit Extension/Preview Content\"";
				DEVELOPMENT_TEAM = W25MXXD3AC;
				ENABLE_PREVIEWS = YES;
				GENERATE_INFOPLIST_FILE = YES;
				INFOPLIST_FILE = "AEPSampleWatchApp WatchKit Extension/Info.plist";
				INFOPLIST_KEY_CFBundleDisplayName = "AEPSampleWatchApp WatchKit Extension";
				INFOPLIST_KEY_CLKComplicationPrincipalClass = "$(PRODUCT_MODULE_NAME).ComplicationController";
				INFOPLIST_KEY_NSHumanReadableCopyright = "";
				INFOPLIST_KEY_WKWatchOnly = YES;
				LD_RUNPATH_SEARCH_PATHS = (
					"$(inherited)",
					"@executable_path/Frameworks",
					"@executable_path/../../Frameworks",
				);
				MARKETING_VERSION = 1.0;
				PRODUCT_BUNDLE_IDENTIFIER = co.markfrazier.AEPSampleWatchApp.watchkitapp.watchkitextension;
				PRODUCT_NAME = "${TARGET_NAME}";
				SDKROOT = watchos;
				SKIP_INSTALL = YES;
				SWIFT_EMIT_LOC_STRINGS = YES;
				SWIFT_VERSION = 5.0;
				TARGETED_DEVICE_FAMILY = 4;
				WATCHOS_DEPLOYMENT_TARGET = 8.5;
			};
			name = Debug;
		};
		674F283128874ABD00E95577 /* Release */ = {
			isa = XCBuildConfiguration;
			buildSettings = {
				ASSETCATALOG_COMPILER_COMPLICATION_NAME = Complication;
				CODE_SIGN_STYLE = Automatic;
				CURRENT_PROJECT_VERSION = 1;
				DEVELOPMENT_ASSET_PATHS = "\"AEPSampleWatchApp WatchKit Extension/Preview Content\"";
				DEVELOPMENT_TEAM = W25MXXD3AC;
				ENABLE_PREVIEWS = YES;
				GENERATE_INFOPLIST_FILE = YES;
				INFOPLIST_FILE = "AEPSampleWatchApp WatchKit Extension/Info.plist";
				INFOPLIST_KEY_CFBundleDisplayName = "AEPSampleWatchApp WatchKit Extension";
				INFOPLIST_KEY_CLKComplicationPrincipalClass = "$(PRODUCT_MODULE_NAME).ComplicationController";
				INFOPLIST_KEY_NSHumanReadableCopyright = "";
				INFOPLIST_KEY_WKWatchOnly = YES;
				LD_RUNPATH_SEARCH_PATHS = (
					"$(inherited)",
					"@executable_path/Frameworks",
					"@executable_path/../../Frameworks",
				);
				MARKETING_VERSION = 1.0;
				PRODUCT_BUNDLE_IDENTIFIER = co.markfrazier.AEPSampleWatchApp.watchkitapp.watchkitextension;
				PRODUCT_NAME = "${TARGET_NAME}";
				SDKROOT = watchos;
				SKIP_INSTALL = YES;
				SWIFT_EMIT_LOC_STRINGS = YES;
				SWIFT_VERSION = 5.0;
				TARGETED_DEVICE_FAMILY = 4;
				WATCHOS_DEPLOYMENT_TARGET = 8.5;
			};
			name = Release;
		};
		674F283428874ABD00E95577 /* Debug */ = {
			isa = XCBuildConfiguration;
			buildSettings = {
				ALWAYS_EMBED_SWIFT_STANDARD_LIBRARIES = YES;
				ASSETCATALOG_COMPILER_APPICON_NAME = AppIcon;
				ASSETCATALOG_COMPILER_GLOBAL_ACCENT_COLOR_NAME = AccentColor;
				CODE_SIGN_STYLE = Automatic;
				CURRENT_PROJECT_VERSION = 1;
				DEVELOPMENT_TEAM = W25MXXD3AC;
				GENERATE_INFOPLIST_FILE = YES;
				IBSC_MODULE = AEPSampleWatchApp_WatchKit_Extension;
				INFOPLIST_KEY_CFBundleDisplayName = "AEPSampleWatchApp WatchKit App";
				INFOPLIST_KEY_UISupportedInterfaceOrientations = "UIInterfaceOrientationPortrait UIInterfaceOrientationPortraitUpsideDown";
				MARKETING_VERSION = 1.0;
				PRODUCT_BUNDLE_IDENTIFIER = co.markfrazier.AEPSampleWatchApp.watchkitapp;
				PRODUCT_NAME = "$(TARGET_NAME)";
				SDKROOT = watchos;
				SKIP_INSTALL = YES;
				SWIFT_EMIT_LOC_STRINGS = YES;
				SWIFT_VERSION = 5.0;
				TARGETED_DEVICE_FAMILY = 4;
				WATCHOS_DEPLOYMENT_TARGET = 8.5;
			};
			name = Debug;
		};
		674F283528874ABD00E95577 /* Release */ = {
			isa = XCBuildConfiguration;
			buildSettings = {
				ALWAYS_EMBED_SWIFT_STANDARD_LIBRARIES = YES;
				ASSETCATALOG_COMPILER_APPICON_NAME = AppIcon;
				ASSETCATALOG_COMPILER_GLOBAL_ACCENT_COLOR_NAME = AccentColor;
				CODE_SIGN_STYLE = Automatic;
				CURRENT_PROJECT_VERSION = 1;
				DEVELOPMENT_TEAM = W25MXXD3AC;
				GENERATE_INFOPLIST_FILE = YES;
				IBSC_MODULE = AEPSampleWatchApp_WatchKit_Extension;
				INFOPLIST_KEY_CFBundleDisplayName = "AEPSampleWatchApp WatchKit App";
				INFOPLIST_KEY_UISupportedInterfaceOrientations = "UIInterfaceOrientationPortrait UIInterfaceOrientationPortraitUpsideDown";
				MARKETING_VERSION = 1.0;
				PRODUCT_BUNDLE_IDENTIFIER = co.markfrazier.AEPSampleWatchApp.watchkitapp;
				PRODUCT_NAME = "$(TARGET_NAME)";
				SDKROOT = watchos;
				SKIP_INSTALL = YES;
				SWIFT_EMIT_LOC_STRINGS = YES;
				SWIFT_VERSION = 5.0;
				TARGETED_DEVICE_FAMILY = 4;
				WATCHOS_DEPLOYMENT_TARGET = 8.5;
			};
			name = Release;
		};
		674F283828874ABD00E95577 /* Debug */ = {
			isa = XCBuildConfiguration;
			baseConfigurationReference = 32DE21147CECADFFCB4FA9FF /* Pods-AEPSampleWatchApp.debug.xcconfig */;
			buildSettings = {
				CODE_SIGN_STYLE = Automatic;
				CURRENT_PROJECT_VERSION = 1;
				DEVELOPMENT_TEAM = W25MXXD3AC;
				MARKETING_VERSION = 1.0;
				PRODUCT_BUNDLE_IDENTIFIER = co.markfrazier.AEPSampleWatchApp;
				PRODUCT_NAME = "$(TARGET_NAME)";
				SWIFT_VERSION = 5.0;
			};
			name = Debug;
		};
		674F283928874ABD00E95577 /* Release */ = {
			isa = XCBuildConfiguration;
			baseConfigurationReference = 92AED68EE9D6BDA25E6A2621 /* Pods-AEPSampleWatchApp.release.xcconfig */;
			buildSettings = {
				CODE_SIGN_STYLE = Automatic;
				CURRENT_PROJECT_VERSION = 1;
				DEVELOPMENT_TEAM = W25MXXD3AC;
				MARKETING_VERSION = 1.0;
				PRODUCT_BUNDLE_IDENTIFIER = co.markfrazier.AEPSampleWatchApp;
				PRODUCT_NAME = "$(TARGET_NAME)";
				SWIFT_VERSION = 5.0;
			};
			name = Release;
		};
/* End XCBuildConfiguration section */

/* Begin XCConfigurationList section */
		674F280528874ABB00E95577 /* Build configuration list for PBXProject "AEPSampleWatchApp" */ = {
			isa = XCConfigurationList;
			buildConfigurations = (
				674F282D28874ABD00E95577 /* Debug */,
				674F282E28874ABD00E95577 /* Release */,
			);
			defaultConfigurationIsVisible = 0;
			defaultConfigurationName = Release;
		};
		674F282F28874ABD00E95577 /* Build configuration list for PBXNativeTarget "AEPSampleWatchApp WatchKit Extension" */ = {
			isa = XCConfigurationList;
			buildConfigurations = (
				674F283028874ABD00E95577 /* Debug */,
				674F283128874ABD00E95577 /* Release */,
			);
			defaultConfigurationIsVisible = 0;
			defaultConfigurationName = Release;
		};
		674F283328874ABD00E95577 /* Build configuration list for PBXNativeTarget "AEPSampleWatchApp WatchKit App" */ = {
			isa = XCConfigurationList;
			buildConfigurations = (
				674F283428874ABD00E95577 /* Debug */,
				674F283528874ABD00E95577 /* Release */,
			);
			defaultConfigurationIsVisible = 0;
			defaultConfigurationName = Release;
		};
		674F283728874ABD00E95577 /* Build configuration list for PBXNativeTarget "AEPSampleWatchApp" */ = {
			isa = XCConfigurationList;
			buildConfigurations = (
				674F283828874ABD00E95577 /* Debug */,
				674F283928874ABD00E95577 /* Release */,
			);
			defaultConfigurationIsVisible = 0;
			defaultConfigurationName = Release;
		};
/* End XCConfigurationList section */
	};
	rootObject = 674F280228874ABB00E95577 /* Project object */;
}
