// !$*UTF8*$!
{
	archiveVersion = 1;
	classes = {
	};
	objectVersion = 55;
	objects = {

/* Begin PBXBuildFile section */
		2F1B6A8DB2775E51C629A13C /* libPods-AEPSampleWatchApp WatchKit Extension.a in Frameworks */ = {isa = PBXBuildFile; fileRef = 9A46F652B5AF4EBB2B164F4F /* libPods-AEPSampleWatchApp WatchKit Extension.a */; };
		4F594E73321C1CD3749A702B /* libPods-AEPSampleWatchApp WatchKit App.a in Frameworks */ = {isa = PBXBuildFile; fileRef = F18F1D979A1E97E02726881C /* libPods-AEPSampleWatchApp WatchKit App.a */; };
		676232542887807E00C20FDB /* AEPSampleWatchApp WatchKit App.app in Embed Watch Content */ = {isa = PBXBuildFile; fileRef = 676232532887807E00C20FDB /* AEPSampleWatchApp WatchKit App.app */; settings = {ATTRIBUTES = (RemoveHeadersOnCopy, ); }; };
		676232592887807F00C20FDB /* Assets.xcassets in Resources */ = {isa = PBXBuildFile; fileRef = 676232582887807F00C20FDB /* Assets.xcassets */; };
		6762325F2887807F00C20FDB /* AEPSampleWatchApp WatchKit Extension.appex in Embed App Extensions */ = {isa = PBXBuildFile; fileRef = 6762325E2887807F00C20FDB /* AEPSampleWatchApp WatchKit Extension.appex */; settings = {ATTRIBUTES = (RemoveHeadersOnCopy, ); }; };
		676232642887807F00C20FDB /* AEPSampleWatchAppApp.swift in Sources */ = {isa = PBXBuildFile; fileRef = 676232632887807F00C20FDB /* AEPSampleWatchAppApp.swift */; };
		676232662887807F00C20FDB /* ContentView.swift in Sources */ = {isa = PBXBuildFile; fileRef = 676232652887807F00C20FDB /* ContentView.swift */; };
		676232682887807F00C20FDB /* NotificationController.swift in Sources */ = {isa = PBXBuildFile; fileRef = 676232672887807F00C20FDB /* NotificationController.swift */; };
		6762326A2887807F00C20FDB /* NotificationView.swift in Sources */ = {isa = PBXBuildFile; fileRef = 676232692887807F00C20FDB /* NotificationView.swift */; };
		6762326C2887807F00C20FDB /* ComplicationController.swift in Sources */ = {isa = PBXBuildFile; fileRef = 6762326B2887807F00C20FDB /* ComplicationController.swift */; };
		6762326E2887807F00C20FDB /* Assets.xcassets in Resources */ = {isa = PBXBuildFile; fileRef = 6762326D2887807F00C20FDB /* Assets.xcassets */; };
		676232712887807F00C20FDB /* Preview Assets.xcassets in Resources */ = {isa = PBXBuildFile; fileRef = 676232702887807F00C20FDB /* Preview Assets.xcassets */; };
		676232852887817A00C20FDB /* RemoteNotificationController.swift in Sources */ = {isa = PBXBuildFile; fileRef = 676232842887817A00C20FDB /* RemoteNotificationController.swift */; };
		676232872887819800C20FDB /* RemoteNotificationModel.swift in Sources */ = {isa = PBXBuildFile; fileRef = 676232862887819800C20FDB /* RemoteNotificationModel.swift */; };
		67623289288781BA00C20FDB /* RemoteNotificationView.swift in Sources */ = {isa = PBXBuildFile; fileRef = 67623288288781BA00C20FDB /* RemoteNotificationView.swift */; };
		6762328B288781EE00C20FDB /* RemotePush.apns in Sources */ = {isa = PBXBuildFile; fileRef = 6762328A288781EE00C20FDB /* RemotePush.apns */; };
		6762328D2887822300C20FDB /* ExtensionDelegate.swift in Sources */ = {isa = PBXBuildFile; fileRef = 6762328C2887822300C20FDB /* ExtensionDelegate.swift */; };
		6828343BB81BA3D4CDA4A809 /* libPods-AEPSampleWatchApp.a in Frameworks */ = {isa = PBXBuildFile; fileRef = EF51141662155BE05F850A08 /* libPods-AEPSampleWatchApp.a */; };
/* End PBXBuildFile section */

/* Begin PBXContainerItemProxy section */
		676232552887807E00C20FDB /* PBXContainerItemProxy */ = {
			isa = PBXContainerItemProxy;
			containerPortal = 676232492887807E00C20FDB /* Project object */;
			proxyType = 1;
			remoteGlobalIDString = 676232522887807E00C20FDB;
			remoteInfo = "AEPSampleWatchApp WatchKit App";
		};
		676232602887807F00C20FDB /* PBXContainerItemProxy */ = {
			isa = PBXContainerItemProxy;
			containerPortal = 676232492887807E00C20FDB /* Project object */;
			proxyType = 1;
			remoteGlobalIDString = 6762325D2887807F00C20FDB;
			remoteInfo = "AEPSampleWatchApp WatchKit Extension";
		};
/* End PBXContainerItemProxy section */

/* Begin PBXCopyFilesBuildPhase section */
		676232792887807F00C20FDB /* Embed App Extensions */ = {
			isa = PBXCopyFilesBuildPhase;
			buildActionMask = 2147483647;
			dstPath = "";
			dstSubfolderSpec = 13;
			files = (
				6762325F2887807F00C20FDB /* AEPSampleWatchApp WatchKit Extension.appex in Embed App Extensions */,
			);
			name = "Embed App Extensions";
			runOnlyForDeploymentPostprocessing = 0;
		};
		6762327D2887807F00C20FDB /* Embed Watch Content */ = {
			isa = PBXCopyFilesBuildPhase;
			buildActionMask = 2147483647;
			dstPath = "$(CONTENTS_FOLDER_PATH)/Watch";
			dstSubfolderSpec = 16;
			files = (
				676232542887807E00C20FDB /* AEPSampleWatchApp WatchKit App.app in Embed Watch Content */,
			);
			name = "Embed Watch Content";
			runOnlyForDeploymentPostprocessing = 0;
		};
/* End PBXCopyFilesBuildPhase section */

/* Begin PBXFileReference section */
		08A28BE697E140E284077B4D /* Pods-AEPSampleWatchApp.release.xcconfig */ = {isa = PBXFileReference; includeInIndex = 1; lastKnownFileType = text.xcconfig; name = "Pods-AEPSampleWatchApp.release.xcconfig"; path = "Target Support Files/Pods-AEPSampleWatchApp/Pods-AEPSampleWatchApp.release.xcconfig"; sourceTree = "<group>"; };
		0A4EF947EEE9D506A5DC24BC /* Pods-AEPSampleWatchApp WatchKit App.debug.xcconfig */ = {isa = PBXFileReference; includeInIndex = 1; lastKnownFileType = text.xcconfig; name = "Pods-AEPSampleWatchApp WatchKit App.debug.xcconfig"; path = "Target Support Files/Pods-AEPSampleWatchApp WatchKit App/Pods-AEPSampleWatchApp WatchKit App.debug.xcconfig"; sourceTree = "<group>"; };
		1AF37DDE5343C765E0FB558B /* Pods-AEPSampleWatchApp.debug.xcconfig */ = {isa = PBXFileReference; includeInIndex = 1; lastKnownFileType = text.xcconfig; name = "Pods-AEPSampleWatchApp.debug.xcconfig"; path = "Target Support Files/Pods-AEPSampleWatchApp/Pods-AEPSampleWatchApp.debug.xcconfig"; sourceTree = "<group>"; };
		6762324F2887807E00C20FDB /* AEPSampleWatchApp.app */ = {isa = PBXFileReference; explicitFileType = wrapper.application; includeInIndex = 0; path = AEPSampleWatchApp.app; sourceTree = BUILT_PRODUCTS_DIR; };
		676232532887807E00C20FDB /* AEPSampleWatchApp WatchKit App.app */ = {isa = PBXFileReference; explicitFileType = wrapper.application; includeInIndex = 0; path = "AEPSampleWatchApp WatchKit App.app"; sourceTree = BUILT_PRODUCTS_DIR; };
		676232582887807F00C20FDB /* Assets.xcassets */ = {isa = PBXFileReference; lastKnownFileType = folder.assetcatalog; path = Assets.xcassets; sourceTree = "<group>"; };
		6762325E2887807F00C20FDB /* AEPSampleWatchApp WatchKit Extension.appex */ = {isa = PBXFileReference; explicitFileType = "wrapper.app-extension"; includeInIndex = 0; path = "AEPSampleWatchApp WatchKit Extension.appex"; sourceTree = BUILT_PRODUCTS_DIR; };
		676232632887807F00C20FDB /* AEPSampleWatchAppApp.swift */ = {isa = PBXFileReference; lastKnownFileType = sourcecode.swift; path = AEPSampleWatchAppApp.swift; sourceTree = "<group>"; };
		676232652887807F00C20FDB /* ContentView.swift */ = {isa = PBXFileReference; lastKnownFileType = sourcecode.swift; path = ContentView.swift; sourceTree = "<group>"; };
		676232672887807F00C20FDB /* NotificationController.swift */ = {isa = PBXFileReference; lastKnownFileType = sourcecode.swift; path = NotificationController.swift; sourceTree = "<group>"; };
		676232692887807F00C20FDB /* NotificationView.swift */ = {isa = PBXFileReference; lastKnownFileType = sourcecode.swift; path = NotificationView.swift; sourceTree = "<group>"; };
		6762326B2887807F00C20FDB /* ComplicationController.swift */ = {isa = PBXFileReference; lastKnownFileType = sourcecode.swift; path = ComplicationController.swift; sourceTree = "<group>"; };
		6762326D2887807F00C20FDB /* Assets.xcassets */ = {isa = PBXFileReference; lastKnownFileType = folder.assetcatalog; path = Assets.xcassets; sourceTree = "<group>"; };
		676232702887807F00C20FDB /* Preview Assets.xcassets */ = {isa = PBXFileReference; lastKnownFileType = folder.assetcatalog; path = "Preview Assets.xcassets"; sourceTree = "<group>"; };
		676232722887807F00C20FDB /* Info.plist */ = {isa = PBXFileReference; lastKnownFileType = text.plist.xml; path = Info.plist; sourceTree = "<group>"; };
		676232732887807F00C20FDB /* PushNotificationPayload.apns */ = {isa = PBXFileReference; lastKnownFileType = text; path = PushNotificationPayload.apns; sourceTree = "<group>"; };
		676232842887817A00C20FDB /* RemoteNotificationController.swift */ = {isa = PBXFileReference; lastKnownFileType = sourcecode.swift; path = RemoteNotificationController.swift; sourceTree = "<group>"; };
		676232862887819800C20FDB /* RemoteNotificationModel.swift */ = {isa = PBXFileReference; lastKnownFileType = sourcecode.swift; path = RemoteNotificationModel.swift; sourceTree = "<group>"; };
		67623288288781BA00C20FDB /* RemoteNotificationView.swift */ = {isa = PBXFileReference; lastKnownFileType = sourcecode.swift; path = RemoteNotificationView.swift; sourceTree = "<group>"; };
		6762328A288781EE00C20FDB /* RemotePush.apns */ = {isa = PBXFileReference; lastKnownFileType = text; path = RemotePush.apns; sourceTree = "<group>"; };
		6762328C2887822300C20FDB /* ExtensionDelegate.swift */ = {isa = PBXFileReference; lastKnownFileType = sourcecode.swift; path = ExtensionDelegate.swift; sourceTree = "<group>"; };
		678063072887855200EABFCF /* AEPAssurance.framework */ = {isa = PBXFileReference; explicitFileType = wrapper.framework; path = AEPAssurance.framework; sourceTree = BUILT_PRODUCTS_DIR; };
		678063082887855200EABFCF /* AEPCore.framework */ = {isa = PBXFileReference; explicitFileType = wrapper.framework; path = AEPCore.framework; sourceTree = BUILT_PRODUCTS_DIR; };
		678063092887855200EABFCF /* AEPEdge.framework */ = {isa = PBXFileReference; explicitFileType = wrapper.framework; path = AEPEdge.framework; sourceTree = BUILT_PRODUCTS_DIR; };
		6780630A2887855200EABFCF /* AEPEdgeConsent.framework */ = {isa = PBXFileReference; explicitFileType = wrapper.framework; path = AEPEdgeConsent.framework; sourceTree = BUILT_PRODUCTS_DIR; };
		6780630B2887855200EABFCF /* AEPEdgeIdentity.framework */ = {isa = PBXFileReference; explicitFileType = wrapper.framework; path = AEPEdgeIdentity.framework; sourceTree = BUILT_PRODUCTS_DIR; };
		6780630C2887855200EABFCF /* AEPLifecycle.framework */ = {isa = PBXFileReference; explicitFileType = wrapper.framework; path = AEPLifecycle.framework; sourceTree = BUILT_PRODUCTS_DIR; };
		6780630D2887855200EABFCF /* AEPMessaging.framework */ = {isa = PBXFileReference; explicitFileType = wrapper.framework; path = AEPMessaging.framework; sourceTree = BUILT_PRODUCTS_DIR; };
		6780630E2887855200EABFCF /* AEPRulesEngine.framework */ = {isa = PBXFileReference; explicitFileType = wrapper.framework; path = AEPRulesEngine.framework; sourceTree = BUILT_PRODUCTS_DIR; };
		6780630F2887855200EABFCF /* AEPServices.framework */ = {isa = PBXFileReference; explicitFileType = wrapper.framework; path = AEPServices.framework; sourceTree = BUILT_PRODUCTS_DIR; };
		678063102887855200EABFCF /* AEPSignal.framework */ = {isa = PBXFileReference; explicitFileType = wrapper.framework; path = AEPSignal.framework; sourceTree = BUILT_PRODUCTS_DIR; };
		678063112887855200EABFCF /* AEPUserProfile.framework */ = {isa = PBXFileReference; explicitFileType = wrapper.framework; path = AEPUserProfile.framework; sourceTree = BUILT_PRODUCTS_DIR; };
		678063122887855200EABFCF /* Alamofire.framework */ = {isa = PBXFileReference; explicitFileType = wrapper.framework; path = Alamofire.framework; sourceTree = BUILT_PRODUCTS_DIR; };
		67846F828F7C8FB31AF4F409 /* Pods-AEPSampleWatchApp WatchKit App.release.xcconfig */ = {isa = PBXFileReference; includeInIndex = 1; lastKnownFileType = text.xcconfig; name = "Pods-AEPSampleWatchApp WatchKit App.release.xcconfig"; path = "Target Support Files/Pods-AEPSampleWatchApp WatchKit App/Pods-AEPSampleWatchApp WatchKit App.release.xcconfig"; sourceTree = "<group>"; };
		9A46F652B5AF4EBB2B164F4F /* libPods-AEPSampleWatchApp WatchKit Extension.a */ = {isa = PBXFileReference; explicitFileType = archive.ar; includeInIndex = 0; path = "libPods-AEPSampleWatchApp WatchKit Extension.a"; sourceTree = BUILT_PRODUCTS_DIR; };
		9F2FEF14549673E18B91C7CB /* Pods-AEPSampleWatchApp WatchKit Extension.debug.xcconfig */ = {isa = PBXFileReference; includeInIndex = 1; lastKnownFileType = text.xcconfig; name = "Pods-AEPSampleWatchApp WatchKit Extension.debug.xcconfig"; path = "Target Support Files/Pods-AEPSampleWatchApp WatchKit Extension/Pods-AEPSampleWatchApp WatchKit Extension.debug.xcconfig"; sourceTree = "<group>"; };
		9FEBFDCAD8771BF2F1B17EBB /* Pods-AEPSampleWatchApp WatchKit Extension.release.xcconfig */ = {isa = PBXFileReference; includeInIndex = 1; lastKnownFileType = text.xcconfig; name = "Pods-AEPSampleWatchApp WatchKit Extension.release.xcconfig"; path = "Target Support Files/Pods-AEPSampleWatchApp WatchKit Extension/Pods-AEPSampleWatchApp WatchKit Extension.release.xcconfig"; sourceTree = "<group>"; };
		EF51141662155BE05F850A08 /* libPods-AEPSampleWatchApp.a */ = {isa = PBXFileReference; explicitFileType = archive.ar; includeInIndex = 0; path = "libPods-AEPSampleWatchApp.a"; sourceTree = BUILT_PRODUCTS_DIR; };
		F18F1D979A1E97E02726881C /* libPods-AEPSampleWatchApp WatchKit App.a */ = {isa = PBXFileReference; explicitFileType = archive.ar; includeInIndex = 0; path = "libPods-AEPSampleWatchApp WatchKit App.a"; sourceTree = BUILT_PRODUCTS_DIR; };
/* End PBXFileReference section */

/* Begin PBXFrameworksBuildPhase section */
		18743BBC206B70FBC2658E53 /* Frameworks */ = {
			isa = PBXFrameworksBuildPhase;
			buildActionMask = 2147483647;
			files = (
				6828343BB81BA3D4CDA4A809 /* libPods-AEPSampleWatchApp.a in Frameworks */,
			);
			runOnlyForDeploymentPostprocessing = 0;
		};
		6762325B2887807F00C20FDB /* Frameworks */ = {
			isa = PBXFrameworksBuildPhase;
			buildActionMask = 2147483647;
			files = (
				2F1B6A8DB2775E51C629A13C /* libPods-AEPSampleWatchApp WatchKit Extension.a in Frameworks */,
			);
			runOnlyForDeploymentPostprocessing = 0;
		};
		8A35535E694A50CD2E7B69A2 /* Frameworks */ = {
			isa = PBXFrameworksBuildPhase;
			buildActionMask = 2147483647;
			files = (
				4F594E73321C1CD3749A702B /* libPods-AEPSampleWatchApp WatchKit App.a in Frameworks */,
			);
			runOnlyForDeploymentPostprocessing = 0;
		};
/* End PBXFrameworksBuildPhase section */

/* Begin PBXGroup section */
		09D4453490655E6644235AA1 /* Pods */ = {
			isa = PBXGroup;
			children = (
				1AF37DDE5343C765E0FB558B /* Pods-AEPSampleWatchApp.debug.xcconfig */,
				08A28BE697E140E284077B4D /* Pods-AEPSampleWatchApp.release.xcconfig */,
				0A4EF947EEE9D506A5DC24BC /* Pods-AEPSampleWatchApp WatchKit App.debug.xcconfig */,
				67846F828F7C8FB31AF4F409 /* Pods-AEPSampleWatchApp WatchKit App.release.xcconfig */,
				9F2FEF14549673E18B91C7CB /* Pods-AEPSampleWatchApp WatchKit Extension.debug.xcconfig */,
				9FEBFDCAD8771BF2F1B17EBB /* Pods-AEPSampleWatchApp WatchKit Extension.release.xcconfig */,
			);
			path = Pods;
			sourceTree = "<group>";
		};
		676232482887807E00C20FDB = {
			isa = PBXGroup;
			children = (
				676232572887807E00C20FDB /* AEPSampleWatchApp WatchKit App */,
				676232622887807F00C20FDB /* AEPSampleWatchApp WatchKit Extension */,
				676232502887807E00C20FDB /* Products */,
				09D4453490655E6644235AA1 /* Pods */,
				94D808086AF851F2AFBF8CFB /* Frameworks */,
			);
			sourceTree = "<group>";
		};
		676232502887807E00C20FDB /* Products */ = {
			isa = PBXGroup;
			children = (
				6762324F2887807E00C20FDB /* AEPSampleWatchApp.app */,
				676232532887807E00C20FDB /* AEPSampleWatchApp WatchKit App.app */,
				6762325E2887807F00C20FDB /* AEPSampleWatchApp WatchKit Extension.appex */,
			);
			name = Products;
			sourceTree = "<group>";
		};
		676232572887807E00C20FDB /* AEPSampleWatchApp WatchKit App */ = {
			isa = PBXGroup;
			children = (
				676232582887807F00C20FDB /* Assets.xcassets */,
			);
			path = "AEPSampleWatchApp WatchKit App";
			sourceTree = "<group>";
		};
		676232622887807F00C20FDB /* AEPSampleWatchApp WatchKit Extension */ = {
			isa = PBXGroup;
			children = (
				676232632887807F00C20FDB /* AEPSampleWatchAppApp.swift */,
				676232652887807F00C20FDB /* ContentView.swift */,
				676232672887807F00C20FDB /* NotificationController.swift */,
				676232692887807F00C20FDB /* NotificationView.swift */,
				6762326B2887807F00C20FDB /* ComplicationController.swift */,
				6762328C2887822300C20FDB /* ExtensionDelegate.swift */,
				676232832887815800C20FDB /* Remote Notifications */,
				6762326D2887807F00C20FDB /* Assets.xcassets */,
				676232722887807F00C20FDB /* Info.plist */,
				676232732887807F00C20FDB /* PushNotificationPayload.apns */,
				6762326F2887807F00C20FDB /* Preview Content */,
			);
			path = "AEPSampleWatchApp WatchKit Extension";
			sourceTree = "<group>";
		};
		6762326F2887807F00C20FDB /* Preview Content */ = {
			isa = PBXGroup;
			children = (
				676232702887807F00C20FDB /* Preview Assets.xcassets */,
			);
			path = "Preview Content";
			sourceTree = "<group>";
		};
		676232832887815800C20FDB /* Remote Notifications */ = {
			isa = PBXGroup;
			children = (
				676232842887817A00C20FDB /* RemoteNotificationController.swift */,
				676232862887819800C20FDB /* RemoteNotificationModel.swift */,
				67623288288781BA00C20FDB /* RemoteNotificationView.swift */,
				6762328A288781EE00C20FDB /* RemotePush.apns */,
			);
			path = "Remote Notifications";
			sourceTree = "<group>";
		};
		94D808086AF851F2AFBF8CFB /* Frameworks */ = {
			isa = PBXGroup;
			children = (
				678063072887855200EABFCF /* AEPAssurance.framework */,
				678063082887855200EABFCF /* AEPCore.framework */,
				678063092887855200EABFCF /* AEPEdge.framework */,
				6780630A2887855200EABFCF /* AEPEdgeConsent.framework */,
				6780630B2887855200EABFCF /* AEPEdgeIdentity.framework */,
				6780630C2887855200EABFCF /* AEPLifecycle.framework */,
				6780630D2887855200EABFCF /* AEPMessaging.framework */,
				6780630E2887855200EABFCF /* AEPRulesEngine.framework */,
				6780630F2887855200EABFCF /* AEPServices.framework */,
				678063102887855200EABFCF /* AEPSignal.framework */,
				678063112887855200EABFCF /* AEPUserProfile.framework */,
				678063122887855200EABFCF /* Alamofire.framework */,
				EF51141662155BE05F850A08 /* libPods-AEPSampleWatchApp.a */,
				F18F1D979A1E97E02726881C /* libPods-AEPSampleWatchApp WatchKit App.a */,
				9A46F652B5AF4EBB2B164F4F /* libPods-AEPSampleWatchApp WatchKit Extension.a */,
			);
			name = Frameworks;
			sourceTree = "<group>";
		};
/* End PBXGroup section */

/* Begin PBXNativeTarget section */
		6762324E2887807E00C20FDB /* AEPSampleWatchApp */ = {
			isa = PBXNativeTarget;
			buildConfigurationList = 6762327E2887807F00C20FDB /* Build configuration list for PBXNativeTarget "AEPSampleWatchApp" */;
			buildPhases = (
				EE0118563DCABB240062D9E0 /* [CP] Check Pods Manifest.lock */,
				6762324D2887807E00C20FDB /* Resources */,
				6762327D2887807F00C20FDB /* Embed Watch Content */,
				18743BBC206B70FBC2658E53 /* Frameworks */,
			);
			buildRules = (
			);
			dependencies = (
				676232562887807E00C20FDB /* PBXTargetDependency */,
			);
			name = AEPSampleWatchApp;
			productName = AEPSampleWatchApp;
			productReference = 6762324F2887807E00C20FDB /* AEPSampleWatchApp.app */;
			productType = "com.apple.product-type.application.watchapp2-container";
		};
		676232522887807E00C20FDB /* AEPSampleWatchApp WatchKit App */ = {
			isa = PBXNativeTarget;
			buildConfigurationList = 6762327A2887807F00C20FDB /* Build configuration list for PBXNativeTarget "AEPSampleWatchApp WatchKit App" */;
			buildPhases = (
				0E76FAD23C9834C690C8C505 /* [CP] Check Pods Manifest.lock */,
				676232512887807E00C20FDB /* Resources */,
				676232792887807F00C20FDB /* Embed App Extensions */,
				8A35535E694A50CD2E7B69A2 /* Frameworks */,
			);
			buildRules = (
			);
			dependencies = (
				676232612887807F00C20FDB /* PBXTargetDependency */,
			);
			name = "AEPSampleWatchApp WatchKit App";
			productName = "AEPSampleWatchApp WatchKit App";
			productReference = 676232532887807E00C20FDB /* AEPSampleWatchApp WatchKit App.app */;
			productType = "com.apple.product-type.application.watchapp2";
		};
		6762325D2887807F00C20FDB /* AEPSampleWatchApp WatchKit Extension */ = {
			isa = PBXNativeTarget;
			buildConfigurationList = 676232762887807F00C20FDB /* Build configuration list for PBXNativeTarget "AEPSampleWatchApp WatchKit Extension" */;
			buildPhases = (
				06622246351A72C9B673855C /* [CP] Check Pods Manifest.lock */,
				6762325A2887807F00C20FDB /* Sources */,
				6762325B2887807F00C20FDB /* Frameworks */,
				6762325C2887807F00C20FDB /* Resources */,
			);
			buildRules = (
			);
			dependencies = (
			);
			name = "AEPSampleWatchApp WatchKit Extension";
			productName = "AEPSampleWatchApp WatchKit Extension";
			productReference = 6762325E2887807F00C20FDB /* AEPSampleWatchApp WatchKit Extension.appex */;
			productType = "com.apple.product-type.watchkit2-extension";
		};
/* End PBXNativeTarget section */

/* Begin PBXProject section */
		676232492887807E00C20FDB /* Project object */ = {
			isa = PBXProject;
			attributes = {
				BuildIndependentTargetsInParallel = 1;
				LastSwiftUpdateCheck = 1340;
				LastUpgradeCheck = 1340;
				TargetAttributes = {
					6762324E2887807E00C20FDB = {
						CreatedOnToolsVersion = 13.4.1;
					};
					676232522887807E00C20FDB = {
						CreatedOnToolsVersion = 13.4.1;
					};
					6762325D2887807F00C20FDB = {
						CreatedOnToolsVersion = 13.4.1;
					};
				};
			};
			buildConfigurationList = 6762324C2887807E00C20FDB /* Build configuration list for PBXProject "AEPSampleWatchApp" */;
			compatibilityVersion = "Xcode 13.0";
			developmentRegion = en;
			hasScannedForEncodings = 0;
			knownRegions = (
				en,
				Base,
			);
			mainGroup = 676232482887807E00C20FDB;
			productRefGroup = 676232502887807E00C20FDB /* Products */;
			projectDirPath = "";
			projectRoot = "";
			targets = (
				6762324E2887807E00C20FDB /* AEPSampleWatchApp */,
				676232522887807E00C20FDB /* AEPSampleWatchApp WatchKit App */,
				6762325D2887807F00C20FDB /* AEPSampleWatchApp WatchKit Extension */,
			);
		};
/* End PBXProject section */

/* Begin PBXResourcesBuildPhase section */
		6762324D2887807E00C20FDB /* Resources */ = {
			isa = PBXResourcesBuildPhase;
			buildActionMask = 2147483647;
			files = (
			);
			runOnlyForDeploymentPostprocessing = 0;
		};
		676232512887807E00C20FDB /* Resources */ = {
			isa = PBXResourcesBuildPhase;
			buildActionMask = 2147483647;
			files = (
				676232592887807F00C20FDB /* Assets.xcassets in Resources */,
			);
			runOnlyForDeploymentPostprocessing = 0;
		};
		6762325C2887807F00C20FDB /* Resources */ = {
			isa = PBXResourcesBuildPhase;
			buildActionMask = 2147483647;
			files = (
				676232712887807F00C20FDB /* Preview Assets.xcassets in Resources */,
				6762326E2887807F00C20FDB /* Assets.xcassets in Resources */,
			);
			runOnlyForDeploymentPostprocessing = 0;
		};
/* End PBXResourcesBuildPhase section */

/* Begin PBXShellScriptBuildPhase section */
		06622246351A72C9B673855C /* [CP] Check Pods Manifest.lock */ = {
			isa = PBXShellScriptBuildPhase;
			buildActionMask = 2147483647;
			files = (
			);
			inputFileListPaths = (
			);
			inputPaths = (
				"${PODS_PODFILE_DIR_PATH}/Podfile.lock",
				"${PODS_ROOT}/Manifest.lock",
			);
			name = "[CP] Check Pods Manifest.lock";
			outputFileListPaths = (
			);
			outputPaths = (
				"$(DERIVED_FILE_DIR)/Pods-AEPSampleWatchApp WatchKit Extension-checkManifestLockResult.txt",
			);
			runOnlyForDeploymentPostprocessing = 0;
			shellPath = /bin/sh;
			shellScript = "diff \"${PODS_PODFILE_DIR_PATH}/Podfile.lock\" \"${PODS_ROOT}/Manifest.lock\" > /dev/null\nif [ $? != 0 ] ; then\n    # print error to STDERR\n    echo \"error: The sandbox is not in sync with the Podfile.lock. Run 'pod install' or update your CocoaPods installation.\" >&2\n    exit 1\nfi\n# This output is used by Xcode 'outputs' to avoid re-running this script phase.\necho \"SUCCESS\" > \"${SCRIPT_OUTPUT_FILE_0}\"\n";
			showEnvVarsInLog = 0;
		};
		0E76FAD23C9834C690C8C505 /* [CP] Check Pods Manifest.lock */ = {
			isa = PBXShellScriptBuildPhase;
			buildActionMask = 2147483647;
			files = (
			);
			inputFileListPaths = (
			);
			inputPaths = (
				"${PODS_PODFILE_DIR_PATH}/Podfile.lock",
				"${PODS_ROOT}/Manifest.lock",
			);
			name = "[CP] Check Pods Manifest.lock";
			outputFileListPaths = (
			);
			outputPaths = (
				"$(DERIVED_FILE_DIR)/Pods-AEPSampleWatchApp WatchKit App-checkManifestLockResult.txt",
			);
			runOnlyForDeploymentPostprocessing = 0;
			shellPath = /bin/sh;
			shellScript = "diff \"${PODS_PODFILE_DIR_PATH}/Podfile.lock\" \"${PODS_ROOT}/Manifest.lock\" > /dev/null\nif [ $? != 0 ] ; then\n    # print error to STDERR\n    echo \"error: The sandbox is not in sync with the Podfile.lock. Run 'pod install' or update your CocoaPods installation.\" >&2\n    exit 1\nfi\n# This output is used by Xcode 'outputs' to avoid re-running this script phase.\necho \"SUCCESS\" > \"${SCRIPT_OUTPUT_FILE_0}\"\n";
			showEnvVarsInLog = 0;
		};
		EE0118563DCABB240062D9E0 /* [CP] Check Pods Manifest.lock */ = {
			isa = PBXShellScriptBuildPhase;
			buildActionMask = 2147483647;
			files = (
			);
			inputFileListPaths = (
			);
			inputPaths = (
				"${PODS_PODFILE_DIR_PATH}/Podfile.lock",
				"${PODS_ROOT}/Manifest.lock",
			);
			name = "[CP] Check Pods Manifest.lock";
			outputFileListPaths = (
			);
			outputPaths = (
				"$(DERIVED_FILE_DIR)/Pods-AEPSampleWatchApp-checkManifestLockResult.txt",
			);
			runOnlyForDeploymentPostprocessing = 0;
			shellPath = /bin/sh;
			shellScript = "diff \"${PODS_PODFILE_DIR_PATH}/Podfile.lock\" \"${PODS_ROOT}/Manifest.lock\" > /dev/null\nif [ $? != 0 ] ; then\n    # print error to STDERR\n    echo \"error: The sandbox is not in sync with the Podfile.lock. Run 'pod install' or update your CocoaPods installation.\" >&2\n    exit 1\nfi\n# This output is used by Xcode 'outputs' to avoid re-running this script phase.\necho \"SUCCESS\" > \"${SCRIPT_OUTPUT_FILE_0}\"\n";
			showEnvVarsInLog = 0;
		};
/* End PBXShellScriptBuildPhase section */

/* Begin PBXSourcesBuildPhase section */
		6762325A2887807F00C20FDB /* Sources */ = {
			isa = PBXSourcesBuildPhase;
			buildActionMask = 2147483647;
			files = (
				6762328D2887822300C20FDB /* ExtensionDelegate.swift in Sources */,
				676232682887807F00C20FDB /* NotificationController.swift in Sources */,
				676232662887807F00C20FDB /* ContentView.swift in Sources */,
				6762326C2887807F00C20FDB /* ComplicationController.swift in Sources */,
				676232642887807F00C20FDB /* AEPSampleWatchAppApp.swift in Sources */,
				676232872887819800C20FDB /* RemoteNotificationModel.swift in Sources */,
				6762328B288781EE00C20FDB /* RemotePush.apns in Sources */,
				67623289288781BA00C20FDB /* RemoteNotificationView.swift in Sources */,
				676232852887817A00C20FDB /* RemoteNotificationController.swift in Sources */,
				6762326A2887807F00C20FDB /* NotificationView.swift in Sources */,
			);
			runOnlyForDeploymentPostprocessing = 0;
		};
/* End PBXSourcesBuildPhase section */

/* Begin PBXTargetDependency section */
		676232562887807E00C20FDB /* PBXTargetDependency */ = {
			isa = PBXTargetDependency;
			target = 676232522887807E00C20FDB /* AEPSampleWatchApp WatchKit App */;
			targetProxy = 676232552887807E00C20FDB /* PBXContainerItemProxy */;
		};
		676232612887807F00C20FDB /* PBXTargetDependency */ = {
			isa = PBXTargetDependency;
			target = 6762325D2887807F00C20FDB /* AEPSampleWatchApp WatchKit Extension */;
			targetProxy = 676232602887807F00C20FDB /* PBXContainerItemProxy */;
		};
/* End PBXTargetDependency section */

/* Begin XCBuildConfiguration section */
		676232742887807F00C20FDB /* Debug */ = {
			isa = XCBuildConfiguration;
			buildSettings = {
				ALWAYS_SEARCH_USER_PATHS = NO;
				CLANG_ANALYZER_NONNULL = YES;
				CLANG_ANALYZER_NUMBER_OBJECT_CONVERSION = YES_AGGRESSIVE;
				CLANG_CXX_LANGUAGE_STANDARD = "gnu++17";
				CLANG_ENABLE_MODULES = YES;
				CLANG_ENABLE_OBJC_ARC = YES;
				CLANG_ENABLE_OBJC_WEAK = YES;
				CLANG_WARN_BLOCK_CAPTURE_AUTORELEASING = YES;
				CLANG_WARN_BOOL_CONVERSION = YES;
				CLANG_WARN_COMMA = YES;
				CLANG_WARN_CONSTANT_CONVERSION = YES;
				CLANG_WARN_DEPRECATED_OBJC_IMPLEMENTATIONS = YES;
				CLANG_WARN_DIRECT_OBJC_ISA_USAGE = YES_ERROR;
				CLANG_WARN_DOCUMENTATION_COMMENTS = YES;
				CLANG_WARN_EMPTY_BODY = YES;
				CLANG_WARN_ENUM_CONVERSION = YES;
				CLANG_WARN_INFINITE_RECURSION = YES;
				CLANG_WARN_INT_CONVERSION = YES;
				CLANG_WARN_NON_LITERAL_NULL_CONVERSION = YES;
				CLANG_WARN_OBJC_IMPLICIT_RETAIN_SELF = YES;
				CLANG_WARN_OBJC_LITERAL_CONVERSION = YES;
				CLANG_WARN_OBJC_ROOT_CLASS = YES_ERROR;
				CLANG_WARN_QUOTED_INCLUDE_IN_FRAMEWORK_HEADER = YES;
				CLANG_WARN_RANGE_LOOP_ANALYSIS = YES;
				CLANG_WARN_STRICT_PROTOTYPES = YES;
				CLANG_WARN_SUSPICIOUS_MOVE = YES;
				CLANG_WARN_UNGUARDED_AVAILABILITY = YES_AGGRESSIVE;
				CLANG_WARN_UNREACHABLE_CODE = YES;
				CLANG_WARN__DUPLICATE_METHOD_MATCH = YES;
				COPY_PHASE_STRIP = NO;
				DEBUG_INFORMATION_FORMAT = dwarf;
				ENABLE_STRICT_OBJC_MSGSEND = YES;
				ENABLE_TESTABILITY = YES;
				GCC_C_LANGUAGE_STANDARD = gnu11;
				GCC_DYNAMIC_NO_PIC = NO;
				GCC_NO_COMMON_BLOCKS = YES;
				GCC_OPTIMIZATION_LEVEL = 0;
				GCC_PREPROCESSOR_DEFINITIONS = (
					"DEBUG=1",
					"$(inherited)",
				);
				GCC_WARN_64_TO_32_BIT_CONVERSION = YES;
				GCC_WARN_ABOUT_RETURN_TYPE = YES_ERROR;
				GCC_WARN_UNDECLARED_SELECTOR = YES;
				GCC_WARN_UNINITIALIZED_AUTOS = YES_AGGRESSIVE;
				GCC_WARN_UNUSED_FUNCTION = YES;
				GCC_WARN_UNUSED_VARIABLE = YES;
				MTL_ENABLE_DEBUG_INFO = INCLUDE_SOURCE;
				MTL_FAST_MATH = YES;
				ONLY_ACTIVE_ARCH = YES;
				SDKROOT = iphoneos;
				SWIFT_ACTIVE_COMPILATION_CONDITIONS = DEBUG;
				SWIFT_OPTIMIZATION_LEVEL = "-Onone";
			};
			name = Debug;
		};
		676232752887807F00C20FDB /* Release */ = {
			isa = XCBuildConfiguration;
			buildSettings = {
				ALWAYS_SEARCH_USER_PATHS = NO;
				CLANG_ANALYZER_NONNULL = YES;
				CLANG_ANALYZER_NUMBER_OBJECT_CONVERSION = YES_AGGRESSIVE;
				CLANG_CXX_LANGUAGE_STANDARD = "gnu++17";
				CLANG_ENABLE_MODULES = YES;
				CLANG_ENABLE_OBJC_ARC = YES;
				CLANG_ENABLE_OBJC_WEAK = YES;
				CLANG_WARN_BLOCK_CAPTURE_AUTORELEASING = YES;
				CLANG_WARN_BOOL_CONVERSION = YES;
				CLANG_WARN_COMMA = YES;
				CLANG_WARN_CONSTANT_CONVERSION = YES;
				CLANG_WARN_DEPRECATED_OBJC_IMPLEMENTATIONS = YES;
				CLANG_WARN_DIRECT_OBJC_ISA_USAGE = YES_ERROR;
				CLANG_WARN_DOCUMENTATION_COMMENTS = YES;
				CLANG_WARN_EMPTY_BODY = YES;
				CLANG_WARN_ENUM_CONVERSION = YES;
				CLANG_WARN_INFINITE_RECURSION = YES;
				CLANG_WARN_INT_CONVERSION = YES;
				CLANG_WARN_NON_LITERAL_NULL_CONVERSION = YES;
				CLANG_WARN_OBJC_IMPLICIT_RETAIN_SELF = YES;
				CLANG_WARN_OBJC_LITERAL_CONVERSION = YES;
				CLANG_WARN_OBJC_ROOT_CLASS = YES_ERROR;
				CLANG_WARN_QUOTED_INCLUDE_IN_FRAMEWORK_HEADER = YES;
				CLANG_WARN_RANGE_LOOP_ANALYSIS = YES;
				CLANG_WARN_STRICT_PROTOTYPES = YES;
				CLANG_WARN_SUSPICIOUS_MOVE = YES;
				CLANG_WARN_UNGUARDED_AVAILABILITY = YES_AGGRESSIVE;
				CLANG_WARN_UNREACHABLE_CODE = YES;
				CLANG_WARN__DUPLICATE_METHOD_MATCH = YES;
				COPY_PHASE_STRIP = NO;
				DEBUG_INFORMATION_FORMAT = "dwarf-with-dsym";
				ENABLE_NS_ASSERTIONS = NO;
				ENABLE_STRICT_OBJC_MSGSEND = YES;
				GCC_C_LANGUAGE_STANDARD = gnu11;
				GCC_NO_COMMON_BLOCKS = YES;
				GCC_WARN_64_TO_32_BIT_CONVERSION = YES;
				GCC_WARN_ABOUT_RETURN_TYPE = YES_ERROR;
				GCC_WARN_UNDECLARED_SELECTOR = YES;
				GCC_WARN_UNINITIALIZED_AUTOS = YES_AGGRESSIVE;
				GCC_WARN_UNUSED_FUNCTION = YES;
				GCC_WARN_UNUSED_VARIABLE = YES;
				MTL_ENABLE_DEBUG_INFO = NO;
				MTL_FAST_MATH = YES;
				SDKROOT = iphoneos;
				SWIFT_COMPILATION_MODE = wholemodule;
				SWIFT_OPTIMIZATION_LEVEL = "-O";
				VALIDATE_PRODUCT = YES;
			};
			name = Release;
		};
		676232772887807F00C20FDB /* Debug */ = {
			isa = XCBuildConfiguration;
			baseConfigurationReference = 9F2FEF14549673E18B91C7CB /* Pods-AEPSampleWatchApp WatchKit Extension.debug.xcconfig */;
			buildSettings = {
				ASSETCATALOG_COMPILER_COMPLICATION_NAME = Complication;
				CODE_SIGN_STYLE = Automatic;
				CURRENT_PROJECT_VERSION = 1;
				DEVELOPMENT_ASSET_PATHS = "\"AEPSampleWatchApp WatchKit Extension/Preview Content\"";
				DEVELOPMENT_TEAM = W25MXXD3AC;
				ENABLE_PREVIEWS = YES;
				GENERATE_INFOPLIST_FILE = YES;
				INFOPLIST_FILE = "AEPSampleWatchApp WatchKit Extension/Info.plist";
				INFOPLIST_KEY_CFBundleDisplayName = "AEPSampleWatchApp WatchKit Extension";
				INFOPLIST_KEY_CLKComplicationPrincipalClass = "$(PRODUCT_MODULE_NAME).ComplicationController";
				INFOPLIST_KEY_NSHumanReadableCopyright = "";
				INFOPLIST_KEY_WKWatchOnly = YES;
				LD_RUNPATH_SEARCH_PATHS = (
					"$(inherited)",
					"@executable_path/Frameworks",
					"@executable_path/../../Frameworks",
				);
				MARKETING_VERSION = 1.0;
				PRODUCT_BUNDLE_IDENTIFIER = co.markfrazier.AEPSampleWatchApp.watchkitapp.watchkitextension;
				PRODUCT_NAME = "${TARGET_NAME}";
				SDKROOT = watchos;
				SKIP_INSTALL = YES;
				SWIFT_EMIT_LOC_STRINGS = YES;
				SWIFT_VERSION = 5.0;
				TARGETED_DEVICE_FAMILY = 4;
				WATCHOS_DEPLOYMENT_TARGET = 8.5;
			};
			name = Debug;
		};
		676232782887807F00C20FDB /* Release */ = {
			isa = XCBuildConfiguration;
			baseConfigurationReference = 9FEBFDCAD8771BF2F1B17EBB /* Pods-AEPSampleWatchApp WatchKit Extension.release.xcconfig */;
			buildSettings = {
				ASSETCATALOG_COMPILER_COMPLICATION_NAME = Complication;
				CODE_SIGN_STYLE = Automatic;
				CURRENT_PROJECT_VERSION = 1;
				DEVELOPMENT_ASSET_PATHS = "\"AEPSampleWatchApp WatchKit Extension/Preview Content\"";
				DEVELOPMENT_TEAM = W25MXXD3AC;
				ENABLE_PREVIEWS = YES;
				GENERATE_INFOPLIST_FILE = YES;
				INFOPLIST_FILE = "AEPSampleWatchApp WatchKit Extension/Info.plist";
				INFOPLIST_KEY_CFBundleDisplayName = "AEPSampleWatchApp WatchKit Extension";
				INFOPLIST_KEY_CLKComplicationPrincipalClass = "$(PRODUCT_MODULE_NAME).ComplicationController";
				INFOPLIST_KEY_NSHumanReadableCopyright = "";
				INFOPLIST_KEY_WKWatchOnly = YES;
				LD_RUNPATH_SEARCH_PATHS = (
					"$(inherited)",
					"@executable_path/Frameworks",
					"@executable_path/../../Frameworks",
				);
				MARKETING_VERSION = 1.0;
				PRODUCT_BUNDLE_IDENTIFIER = co.markfrazier.AEPSampleWatchApp.watchkitapp.watchkitextension;
				PRODUCT_NAME = "${TARGET_NAME}";
				SDKROOT = watchos;
				SKIP_INSTALL = YES;
				SWIFT_EMIT_LOC_STRINGS = YES;
				SWIFT_VERSION = 5.0;
				TARGETED_DEVICE_FAMILY = 4;
				WATCHOS_DEPLOYMENT_TARGET = 8.5;
			};
			name = Release;
		};
		6762327B2887807F00C20FDB /* Debug */ = {
			isa = XCBuildConfiguration;
			baseConfigurationReference = 0A4EF947EEE9D506A5DC24BC /* Pods-AEPSampleWatchApp WatchKit App.debug.xcconfig */;
			buildSettings = {
				ALWAYS_EMBED_SWIFT_STANDARD_LIBRARIES = YES;
				ASSETCATALOG_COMPILER_APPICON_NAME = AppIcon;
				ASSETCATALOG_COMPILER_GLOBAL_ACCENT_COLOR_NAME = AccentColor;
				CODE_SIGN_STYLE = Automatic;
				CURRENT_PROJECT_VERSION = 1;
				DEVELOPMENT_TEAM = W25MXXD3AC;
				GENERATE_INFOPLIST_FILE = YES;
				IBSC_MODULE = AEPSampleWatchApp_WatchKit_Extension;
				INFOPLIST_KEY_CFBundleDisplayName = "AEPSampleWatchApp WatchKit App";
				INFOPLIST_KEY_UISupportedInterfaceOrientations = "UIInterfaceOrientationPortrait UIInterfaceOrientationPortraitUpsideDown";
				MARKETING_VERSION = 1.0;
				PRODUCT_BUNDLE_IDENTIFIER = co.markfrazier.AEPSampleWatchApp.watchkitapp;
				PRODUCT_NAME = "$(TARGET_NAME)";
				SDKROOT = watchos;
				SKIP_INSTALL = YES;
				SWIFT_EMIT_LOC_STRINGS = YES;
				SWIFT_VERSION = 5.0;
				TARGETED_DEVICE_FAMILY = 4;
				WATCHOS_DEPLOYMENT_TARGET = 8.5;
			};
			name = Debug;
		};
		6762327C2887807F00C20FDB /* Release */ = {
			isa = XCBuildConfiguration;
			baseConfigurationReference = 67846F828F7C8FB31AF4F409 /* Pods-AEPSampleWatchApp WatchKit App.release.xcconfig */;
			buildSettings = {
				ALWAYS_EMBED_SWIFT_STANDARD_LIBRARIES = YES;
				ASSETCATALOG_COMPILER_APPICON_NAME = AppIcon;
				ASSETCATALOG_COMPILER_GLOBAL_ACCENT_COLOR_NAME = AccentColor;
				CODE_SIGN_STYLE = Automatic;
				CURRENT_PROJECT_VERSION = 1;
				DEVELOPMENT_TEAM = W25MXXD3AC;
				GENERATE_INFOPLIST_FILE = YES;
				IBSC_MODULE = AEPSampleWatchApp_WatchKit_Extension;
				INFOPLIST_KEY_CFBundleDisplayName = "AEPSampleWatchApp WatchKit App";
				INFOPLIST_KEY_UISupportedInterfaceOrientations = "UIInterfaceOrientationPortrait UIInterfaceOrientationPortraitUpsideDown";
				MARKETING_VERSION = 1.0;
				PRODUCT_BUNDLE_IDENTIFIER = co.markfrazier.AEPSampleWatchApp.watchkitapp;
				PRODUCT_NAME = "$(TARGET_NAME)";
				SDKROOT = watchos;
				SKIP_INSTALL = YES;
				SWIFT_EMIT_LOC_STRINGS = YES;
				SWIFT_VERSION = 5.0;
				TARGETED_DEVICE_FAMILY = 4;
				WATCHOS_DEPLOYMENT_TARGET = 8.5;
			};
			name = Release;
		};
		6762327F2887807F00C20FDB /* Debug */ = {
			isa = XCBuildConfiguration;
			baseConfigurationReference = 1AF37DDE5343C765E0FB558B /* Pods-AEPSampleWatchApp.debug.xcconfig */;
			buildSettings = {
				CODE_SIGN_STYLE = Automatic;
				CURRENT_PROJECT_VERSION = 1;
				DEVELOPMENT_TEAM = W25MXXD3AC;
				MARKETING_VERSION = 1.0;
				PRODUCT_BUNDLE_IDENTIFIER = co.markfrazier.AEPSampleWatchApp;
				PRODUCT_NAME = "$(TARGET_NAME)";
				SWIFT_VERSION = 5.0;
			};
			name = Debug;
		};
		676232802887807F00C20FDB /* Release */ = {
			isa = XCBuildConfiguration;
			baseConfigurationReference = 08A28BE697E140E284077B4D /* Pods-AEPSampleWatchApp.release.xcconfig */;
			buildSettings = {
				CODE_SIGN_STYLE = Automatic;
				CURRENT_PROJECT_VERSION = 1;
				DEVELOPMENT_TEAM = W25MXXD3AC;
				MARKETING_VERSION = 1.0;
				PRODUCT_BUNDLE_IDENTIFIER = co.markfrazier.AEPSampleWatchApp;
				PRODUCT_NAME = "$(TARGET_NAME)";
				SWIFT_VERSION = 5.0;
			};
			name = Release;
		};
/* End XCBuildConfiguration section */

/* Begin XCConfigurationList section */
		6762324C2887807E00C20FDB /* Build configuration list for PBXProject "AEPSampleWatchApp" */ = {
			isa = XCConfigurationList;
			buildConfigurations = (
				676232742887807F00C20FDB /* Debug */,
				676232752887807F00C20FDB /* Release */,
			);
			defaultConfigurationIsVisible = 0;
			defaultConfigurationName = Release;
		};
		676232762887807F00C20FDB /* Build configuration list for PBXNativeTarget "AEPSampleWatchApp WatchKit Extension" */ = {
			isa = XCConfigurationList;
			buildConfigurations = (
				676232772887807F00C20FDB /* Debug */,
				676232782887807F00C20FDB /* Release */,
			);
			defaultConfigurationIsVisible = 0;
			defaultConfigurationName = Release;
		};
		6762327A2887807F00C20FDB /* Build configuration list for PBXNativeTarget "AEPSampleWatchApp WatchKit App" */ = {
			isa = XCConfigurationList;
			buildConfigurations = (
				6762327B2887807F00C20FDB /* Debug */,
				6762327C2887807F00C20FDB /* Release */,
			);
			defaultConfigurationIsVisible = 0;
			defaultConfigurationName = Release;
		};
		6762327E2887807F00C20FDB /* Build configuration list for PBXNativeTarget "AEPSampleWatchApp" */ = {
			isa = XCConfigurationList;
			buildConfigurations = (
				6762327F2887807F00C20FDB /* Debug */,
				676232802887807F00C20FDB /* Release */,
			);
			defaultConfigurationIsVisible = 0;
			defaultConfigurationName = Release;
		};
/* End XCConfigurationList section */
	};
	rootObject = 676232492887807E00C20FDB /* Project object */;
}
