// !$*UTF8*$!
{
	archiveVersion = 1;
	classes = {
	};
	objectVersion = 55;
	objects = {

/* Begin PBXBuildFile section */
		671E07242889DE2700A9ABC6 /* ExtensionDelegate.swift in Sources */ = {isa = PBXBuildFile; fileRef = 671E07232889DE2700A9ABC6 /* ExtensionDelegate.swift */; };
		677EC75B2888C52C008B97B1 /* AEPSampleWatchOSApp WatchKit App.app in Embed Watch Content */ = {isa = PBXBuildFile; fileRef = 677EC75A2888C52C008B97B1 /* AEPSampleWatchOSApp WatchKit App.app */; settings = {ATTRIBUTES = (RemoveHeadersOnCopy, ); }; };
		677EC7602888C52C008B97B1 /* Assets.xcassets in Resources */ = {isa = PBXBuildFile; fileRef = 677EC75F2888C52C008B97B1 /* Assets.xcassets */; };
		677EC7662888C52C008B97B1 /* AEPSampleWatchOSApp WatchKit Extension.appex in Embed App Extensions */ = {isa = PBXBuildFile; fileRef = 677EC7652888C52C008B97B1 /* AEPSampleWatchOSApp WatchKit Extension.appex */; settings = {ATTRIBUTES = (RemoveHeadersOnCopy, ); }; };
		677EC76B2888C52C008B97B1 /* AEPSampleWatchOSAppApp.swift in Sources */ = {isa = PBXBuildFile; fileRef = 677EC76A2888C52C008B97B1 /* AEPSampleWatchOSAppApp.swift */; };
		677EC76D2888C52C008B97B1 /* ContentView.swift in Sources */ = {isa = PBXBuildFile; fileRef = 677EC76C2888C52C008B97B1 /* ContentView.swift */; };
		677EC76F2888C52C008B97B1 /* NotificationController.swift in Sources */ = {isa = PBXBuildFile; fileRef = 677EC76E2888C52C008B97B1 /* NotificationController.swift */; };
		677EC7712888C52C008B97B1 /* NotificationView.swift in Sources */ = {isa = PBXBuildFile; fileRef = 677EC7702888C52C008B97B1 /* NotificationView.swift */; };
		677EC7732888C52C008B97B1 /* ComplicationController.swift in Sources */ = {isa = PBXBuildFile; fileRef = 677EC7722888C52C008B97B1 /* ComplicationController.swift */; };
		677EC7752888C52D008B97B1 /* Assets.xcassets in Resources */ = {isa = PBXBuildFile; fileRef = 677EC7742888C52D008B97B1 /* Assets.xcassets */; };
		677EC7782888C52D008B97B1 /* Preview Assets.xcassets in Resources */ = {isa = PBXBuildFile; fileRef = 677EC7772888C52D008B97B1 /* Preview Assets.xcassets */; };
		67FDC510288B2D360097EADB /* AEPCore in Frameworks */ = {isa = PBXBuildFile; productRef = 67FDC50F288B2D360097EADB /* AEPCore */; };
		67FDC512288B2D360097EADB /* AEPIdentity in Frameworks */ = {isa = PBXBuildFile; productRef = 67FDC511288B2D360097EADB /* AEPIdentity */; };
		67FDC514288B2D360097EADB /* AEPLifecycle in Frameworks */ = {isa = PBXBuildFile; productRef = 67FDC513288B2D360097EADB /* AEPLifecycle */; };
		67FDC516288B2D360097EADB /* AEPServices in Frameworks */ = {isa = PBXBuildFile; productRef = 67FDC515288B2D360097EADB /* AEPServices */; };
		67FDC518288B2D360097EADB /* AEPSignal in Frameworks */ = {isa = PBXBuildFile; productRef = 67FDC517288B2D360097EADB /* AEPSignal */; };
/* End PBXBuildFile section */

/* Begin PBXContainerItemProxy section */
		677EC75C2888C52C008B97B1 /* PBXContainerItemProxy */ = {
			isa = PBXContainerItemProxy;
			containerPortal = 677EC7502888C52C008B97B1 /* Project object */;
			proxyType = 1;
			remoteGlobalIDString = 677EC7592888C52C008B97B1;
			remoteInfo = "AEPSampleWatchOSApp WatchKit App";
		};
		677EC7672888C52C008B97B1 /* PBXContainerItemProxy */ = {
			isa = PBXContainerItemProxy;
			containerPortal = 677EC7502888C52C008B97B1 /* Project object */;
			proxyType = 1;
			remoteGlobalIDString = 677EC7642888C52C008B97B1;
			remoteInfo = "AEPSampleWatchOSApp WatchKit Extension";
		};
/* End PBXContainerItemProxy section */

/* Begin PBXCopyFilesBuildPhase section */
		677EC7802888C52D008B97B1 /* Embed App Extensions */ = {
			isa = PBXCopyFilesBuildPhase;
			buildActionMask = 2147483647;
			dstPath = "";
			dstSubfolderSpec = 13;
			files = (
				677EC7662888C52C008B97B1 /* AEPSampleWatchOSApp WatchKit Extension.appex in Embed App Extensions */,
			);
			name = "Embed App Extensions";
			runOnlyForDeploymentPostprocessing = 0;
		};
		677EC7842888C52D008B97B1 /* Embed Watch Content */ = {
			isa = PBXCopyFilesBuildPhase;
			buildActionMask = 2147483647;
			dstPath = "$(CONTENTS_FOLDER_PATH)/Watch";
			dstSubfolderSpec = 16;
			files = (
				677EC75B2888C52C008B97B1 /* AEPSampleWatchOSApp WatchKit App.app in Embed Watch Content */,
			);
			name = "Embed Watch Content";
			runOnlyForDeploymentPostprocessing = 0;
		};
/* End PBXCopyFilesBuildPhase section */

/* Begin PBXFileReference section */
		671E07232889DE2700A9ABC6 /* ExtensionDelegate.swift */ = {isa = PBXFileReference; lastKnownFileType = sourcecode.swift; path = ExtensionDelegate.swift; sourceTree = "<group>"; };
		671E07DC2889E47400A9ABC6 /* AEPCore */ = {isa = PBXFileReference; lastKnownFileType = wrapper; name = AEPCore; path = ../../../../Desktop/AEPCore; sourceTree = "<group>"; };
		677EC7562888C52C008B97B1 /* AEPSampleWatchOSApp.app */ = {isa = PBXFileReference; explicitFileType = wrapper.application; includeInIndex = 0; path = AEPSampleWatchOSApp.app; sourceTree = BUILT_PRODUCTS_DIR; };
		677EC75A2888C52C008B97B1 /* AEPSampleWatchOSApp WatchKit App.app */ = {isa = PBXFileReference; explicitFileType = wrapper.application; includeInIndex = 0; path = "AEPSampleWatchOSApp WatchKit App.app"; sourceTree = BUILT_PRODUCTS_DIR; };
		677EC75F2888C52C008B97B1 /* Assets.xcassets */ = {isa = PBXFileReference; lastKnownFileType = folder.assetcatalog; path = Assets.xcassets; sourceTree = "<group>"; };
		677EC7652888C52C008B97B1 /* AEPSampleWatchOSApp WatchKit Extension.appex */ = {isa = PBXFileReference; explicitFileType = "wrapper.app-extension"; includeInIndex = 0; path = "AEPSampleWatchOSApp WatchKit Extension.appex"; sourceTree = BUILT_PRODUCTS_DIR; };
		677EC76A2888C52C008B97B1 /* AEPSampleWatchOSAppApp.swift */ = {isa = PBXFileReference; lastKnownFileType = sourcecode.swift; path = AEPSampleWatchOSAppApp.swift; sourceTree = "<group>"; };
		677EC76C2888C52C008B97B1 /* ContentView.swift */ = {isa = PBXFileReference; lastKnownFileType = sourcecode.swift; path = ContentView.swift; sourceTree = "<group>"; };
		677EC76E2888C52C008B97B1 /* NotificationController.swift */ = {isa = PBXFileReference; lastKnownFileType = sourcecode.swift; path = NotificationController.swift; sourceTree = "<group>"; };
		677EC7702888C52C008B97B1 /* NotificationView.swift */ = {isa = PBXFileReference; lastKnownFileType = sourcecode.swift; path = NotificationView.swift; sourceTree = "<group>"; };
		677EC7722888C52C008B97B1 /* ComplicationController.swift */ = {isa = PBXFileReference; lastKnownFileType = sourcecode.swift; path = ComplicationController.swift; sourceTree = "<group>"; };
		677EC7742888C52D008B97B1 /* Assets.xcassets */ = {isa = PBXFileReference; lastKnownFileType = folder.assetcatalog; path = Assets.xcassets; sourceTree = "<group>"; };
		677EC7772888C52D008B97B1 /* Preview Assets.xcassets */ = {isa = PBXFileReference; lastKnownFileType = folder.assetcatalog; path = "Preview Assets.xcassets"; sourceTree = "<group>"; };
		677EC7792888C52D008B97B1 /* Info.plist */ = {isa = PBXFileReference; lastKnownFileType = text.plist.xml; path = Info.plist; sourceTree = "<group>"; };
		677EC77A2888C52D008B97B1 /* PushNotificationPayload.apns */ = {isa = PBXFileReference; lastKnownFileType = text; path = PushNotificationPayload.apns; sourceTree = "<group>"; };
/* End PBXFileReference section */

/* Begin PBXFrameworksBuildPhase section */
		003DFC9685264016FE1BF844 /* Frameworks */ = {
			isa = PBXFrameworksBuildPhase;
			buildActionMask = 2147483647;
			files = (
			);
			runOnlyForDeploymentPostprocessing = 0;
		};
		677EC7622888C52C008B97B1 /* Frameworks */ = {
			isa = PBXFrameworksBuildPhase;
			buildActionMask = 2147483647;
			files = (
				67FDC510288B2D360097EADB /* AEPCore in Frameworks */,
				67FDC518288B2D360097EADB /* AEPSignal in Frameworks */,
				67FDC516288B2D360097EADB /* AEPServices in Frameworks */,
				67FDC512288B2D360097EADB /* AEPIdentity in Frameworks */,
				67FDC514288B2D360097EADB /* AEPLifecycle in Frameworks */,
			);
			runOnlyForDeploymentPostprocessing = 0;
		};
		8D2A8C9132DB1D7B179EE651 /* Frameworks */ = {
			isa = PBXFrameworksBuildPhase;
			buildActionMask = 2147483647;
			files = (
			);
			runOnlyForDeploymentPostprocessing = 0;
		};
/* End PBXFrameworksBuildPhase section */

/* Begin PBXGroup section */
		671E07DB2889E47400A9ABC6 /* Packages */ = {
			isa = PBXGroup;
			children = (
				671E07DC2889E47400A9ABC6 /* AEPCore */,
			);
			name = Packages;
			sourceTree = "<group>";
		};
		677EC74F2888C52C008B97B1 = {
			isa = PBXGroup;
			children = (
				671E07DB2889E47400A9ABC6 /* Packages */,
				677EC75E2888C52C008B97B1 /* AEPSampleWatchOSApp WatchKit App */,
				677EC7692888C52C008B97B1 /* AEPSampleWatchOSApp WatchKit Extension */,
				677EC7572888C52C008B97B1 /* Products */,
				67FDC50E288B2D360097EADB /* Frameworks */,
			);
			sourceTree = "<group>";
		};
		677EC7572888C52C008B97B1 /* Products */ = {
			isa = PBXGroup;
			children = (
				677EC7562888C52C008B97B1 /* AEPSampleWatchOSApp.app */,
				677EC75A2888C52C008B97B1 /* AEPSampleWatchOSApp WatchKit App.app */,
				677EC7652888C52C008B97B1 /* AEPSampleWatchOSApp WatchKit Extension.appex */,
			);
			name = Products;
			sourceTree = "<group>";
		};
		677EC75E2888C52C008B97B1 /* AEPSampleWatchOSApp WatchKit App */ = {
			isa = PBXGroup;
			children = (
				677EC75F2888C52C008B97B1 /* Assets.xcassets */,
			);
			path = "AEPSampleWatchOSApp WatchKit App";
			sourceTree = "<group>";
		};
		677EC7692888C52C008B97B1 /* AEPSampleWatchOSApp WatchKit Extension */ = {
			isa = PBXGroup;
			children = (
				677EC76A2888C52C008B97B1 /* AEPSampleWatchOSAppApp.swift */,
				677EC76C2888C52C008B97B1 /* ContentView.swift */,
				677EC76E2888C52C008B97B1 /* NotificationController.swift */,
				677EC7702888C52C008B97B1 /* NotificationView.swift */,
				677EC7722888C52C008B97B1 /* ComplicationController.swift */,
				671E07232889DE2700A9ABC6 /* ExtensionDelegate.swift */,
				677EC7742888C52D008B97B1 /* Assets.xcassets */,
				677EC7792888C52D008B97B1 /* Info.plist */,
				677EC77A2888C52D008B97B1 /* PushNotificationPayload.apns */,
				677EC7762888C52D008B97B1 /* Preview Content */,
			);
			path = "AEPSampleWatchOSApp WatchKit Extension";
			sourceTree = "<group>";
		};
		677EC7762888C52D008B97B1 /* Preview Content */ = {
			isa = PBXGroup;
			children = (
				677EC7772888C52D008B97B1 /* Preview Assets.xcassets */,
			);
			path = "Preview Content";
			sourceTree = "<group>";
		};
		67FDC50E288B2D360097EADB /* Frameworks */ = {
			isa = PBXGroup;
			children = (
			);
			name = Frameworks;
			sourceTree = "<group>";
		};
/* End PBXGroup section */

/* Begin PBXNativeTarget section */
		677EC7552888C52C008B97B1 /* AEPSampleWatchOSApp */ = {
			isa = PBXNativeTarget;
			buildConfigurationList = 677EC7852888C52D008B97B1 /* Build configuration list for PBXNativeTarget "AEPSampleWatchOSApp" */;
			buildPhases = (
				677EC7542888C52C008B97B1 /* Resources */,
				677EC7842888C52D008B97B1 /* Embed Watch Content */,
				8D2A8C9132DB1D7B179EE651 /* Frameworks */,
			);
			buildRules = (
			);
			dependencies = (
				677EC75D2888C52C008B97B1 /* PBXTargetDependency */,
			);
			name = AEPSampleWatchOSApp;
			productName = AEPSampleWatchOSApp;
			productReference = 677EC7562888C52C008B97B1 /* AEPSampleWatchOSApp.app */;
			productType = "com.apple.product-type.application.watchapp2-container";
		};
		677EC7592888C52C008B97B1 /* AEPSampleWatchOSApp WatchKit App */ = {
			isa = PBXNativeTarget;
			buildConfigurationList = 677EC7812888C52D008B97B1 /* Build configuration list for PBXNativeTarget "AEPSampleWatchOSApp WatchKit App" */;
			buildPhases = (
				677EC7582888C52C008B97B1 /* Resources */,
				677EC7802888C52D008B97B1 /* Embed App Extensions */,
				003DFC9685264016FE1BF844 /* Frameworks */,
			);
			buildRules = (
			);
			dependencies = (
				677EC7682888C52C008B97B1 /* PBXTargetDependency */,
			);
			name = "AEPSampleWatchOSApp WatchKit App";
			productName = "AEPSampleWatchOSApp WatchKit App";
			productReference = 677EC75A2888C52C008B97B1 /* AEPSampleWatchOSApp WatchKit App.app */;
			productType = "com.apple.product-type.application.watchapp2";
		};
		677EC7642888C52C008B97B1 /* AEPSampleWatchOSApp WatchKit Extension */ = {
			isa = PBXNativeTarget;
			buildConfigurationList = 677EC77D2888C52D008B97B1 /* Build configuration list for PBXNativeTarget "AEPSampleWatchOSApp WatchKit Extension" */;
			buildPhases = (
				677EC7612888C52C008B97B1 /* Sources */,
				677EC7622888C52C008B97B1 /* Frameworks */,
				677EC7632888C52C008B97B1 /* Resources */,
			);
			buildRules = (
			);
			dependencies = (
			);
			name = "AEPSampleWatchOSApp WatchKit Extension";
			packageProductDependencies = (
				67FDC50F288B2D360097EADB /* AEPCore */,
				67FDC511288B2D360097EADB /* AEPIdentity */,
				67FDC513288B2D360097EADB /* AEPLifecycle */,
				67FDC515288B2D360097EADB /* AEPServices */,
				67FDC517288B2D360097EADB /* AEPSignal */,
			);
			productName = "AEPSampleWatchOSApp WatchKit Extension";
			productReference = 677EC7652888C52C008B97B1 /* AEPSampleWatchOSApp WatchKit Extension.appex */;
			productType = "com.apple.product-type.watchkit2-extension";
		};
/* End PBXNativeTarget section */

/* Begin PBXProject section */
		677EC7502888C52C008B97B1 /* Project object */ = {
			isa = PBXProject;
			attributes = {
				BuildIndependentTargetsInParallel = 1;
				LastSwiftUpdateCheck = 1340;
				LastUpgradeCheck = 1340;
				TargetAttributes = {
					677EC7552888C52C008B97B1 = {
						CreatedOnToolsVersion = 13.4.1;
					};
					677EC7592888C52C008B97B1 = {
						CreatedOnToolsVersion = 13.4.1;
					};
					677EC7642888C52C008B97B1 = {
						CreatedOnToolsVersion = 13.4.1;
					};
				};
			};
			buildConfigurationList = 677EC7532888C52C008B97B1 /* Build configuration list for PBXProject "AEPSampleWatchOSApp" */;
			compatibilityVersion = "Xcode 13.0";
			developmentRegion = en;
			hasScannedForEncodings = 0;
			knownRegions = (
				en,
				Base,
			);
			mainGroup = 677EC74F2888C52C008B97B1;
			packageReferences = (
			);
			productRefGroup = 677EC7572888C52C008B97B1 /* Products */;
			projectDirPath = "";
			projectRoot = "";
			targets = (
				677EC7552888C52C008B97B1 /* AEPSampleWatchOSApp */,
				677EC7592888C52C008B97B1 /* AEPSampleWatchOSApp WatchKit App */,
				677EC7642888C52C008B97B1 /* AEPSampleWatchOSApp WatchKit Extension */,
			);
		};
/* End PBXProject section */

/* Begin PBXResourcesBuildPhase section */
		677EC7542888C52C008B97B1 /* Resources */ = {
			isa = PBXResourcesBuildPhase;
			buildActionMask = 2147483647;
			files = (
			);
			runOnlyForDeploymentPostprocessing = 0;
		};
		677EC7582888C52C008B97B1 /* Resources */ = {
			isa = PBXResourcesBuildPhase;
			buildActionMask = 2147483647;
			files = (
				677EC7602888C52C008B97B1 /* Assets.xcassets in Resources */,
			);
			runOnlyForDeploymentPostprocessing = 0;
		};
		677EC7632888C52C008B97B1 /* Resources */ = {
			isa = PBXResourcesBuildPhase;
			buildActionMask = 2147483647;
			files = (
				677EC7782888C52D008B97B1 /* Preview Assets.xcassets in Resources */,
				677EC7752888C52D008B97B1 /* Assets.xcassets in Resources */,
			);
			runOnlyForDeploymentPostprocessing = 0;
		};
/* End PBXResourcesBuildPhase section */

/* Begin PBXSourcesBuildPhase section */
		677EC7612888C52C008B97B1 /* Sources */ = {
			isa = PBXSourcesBuildPhase;
			buildActionMask = 2147483647;
			files = (
				677EC76F2888C52C008B97B1 /* NotificationController.swift in Sources */,
				677EC76D2888C52C008B97B1 /* ContentView.swift in Sources */,
				671E07242889DE2700A9ABC6 /* ExtensionDelegate.swift in Sources */,
				677EC7732888C52C008B97B1 /* ComplicationController.swift in Sources */,
				677EC76B2888C52C008B97B1 /* AEPSampleWatchOSAppApp.swift in Sources */,
				677EC7712888C52C008B97B1 /* NotificationView.swift in Sources */,
			);
			runOnlyForDeploymentPostprocessing = 0;
		};
/* End PBXSourcesBuildPhase section */

/* Begin PBXTargetDependency section */
		677EC75D2888C52C008B97B1 /* PBXTargetDependency */ = {
			isa = PBXTargetDependency;
			target = 677EC7592888C52C008B97B1 /* AEPSampleWatchOSApp WatchKit App */;
			targetProxy = 677EC75C2888C52C008B97B1 /* PBXContainerItemProxy */;
		};
		677EC7682888C52C008B97B1 /* PBXTargetDependency */ = {
			isa = PBXTargetDependency;
			target = 677EC7642888C52C008B97B1 /* AEPSampleWatchOSApp WatchKit Extension */;
			targetProxy = 677EC7672888C52C008B97B1 /* PBXContainerItemProxy */;
		};
/* End PBXTargetDependency section */

/* Begin XCBuildConfiguration section */
		677EC77B2888C52D008B97B1 /* Debug */ = {
			isa = XCBuildConfiguration;
			buildSettings = {
				ALWAYS_SEARCH_USER_PATHS = NO;
				CLANG_ANALYZER_NONNULL = YES;
				CLANG_ANALYZER_NUMBER_OBJECT_CONVERSION = YES_AGGRESSIVE;
				CLANG_CXX_LANGUAGE_STANDARD = "gnu++17";
				CLANG_ENABLE_MODULES = YES;
				CLANG_ENABLE_OBJC_ARC = YES;
				CLANG_ENABLE_OBJC_WEAK = YES;
				CLANG_WARN_BLOCK_CAPTURE_AUTORELEASING = YES;
				CLANG_WARN_BOOL_CONVERSION = YES;
				CLANG_WARN_COMMA = YES;
				CLANG_WARN_CONSTANT_CONVERSION = YES;
				CLANG_WARN_DEPRECATED_OBJC_IMPLEMENTATIONS = YES;
				CLANG_WARN_DIRECT_OBJC_ISA_USAGE = YES_ERROR;
				CLANG_WARN_DOCUMENTATION_COMMENTS = YES;
				CLANG_WARN_EMPTY_BODY = YES;
				CLANG_WARN_ENUM_CONVERSION = YES;
				CLANG_WARN_INFINITE_RECURSION = YES;
				CLANG_WARN_INT_CONVERSION = YES;
				CLANG_WARN_NON_LITERAL_NULL_CONVERSION = YES;
				CLANG_WARN_OBJC_IMPLICIT_RETAIN_SELF = YES;
				CLANG_WARN_OBJC_LITERAL_CONVERSION = YES;
				CLANG_WARN_OBJC_ROOT_CLASS = YES_ERROR;
				CLANG_WARN_QUOTED_INCLUDE_IN_FRAMEWORK_HEADER = YES;
				CLANG_WARN_RANGE_LOOP_ANALYSIS = YES;
				CLANG_WARN_STRICT_PROTOTYPES = YES;
				CLANG_WARN_SUSPICIOUS_MOVE = YES;
				CLANG_WARN_UNGUARDED_AVAILABILITY = YES_AGGRESSIVE;
				CLANG_WARN_UNREACHABLE_CODE = YES;
				CLANG_WARN__DUPLICATE_METHOD_MATCH = YES;
				COPY_PHASE_STRIP = NO;
				DEBUG_INFORMATION_FORMAT = dwarf;
				ENABLE_STRICT_OBJC_MSGSEND = YES;
				ENABLE_TESTABILITY = YES;
				GCC_C_LANGUAGE_STANDARD = gnu11;
				GCC_DYNAMIC_NO_PIC = NO;
				GCC_NO_COMMON_BLOCKS = YES;
				GCC_OPTIMIZATION_LEVEL = 0;
				GCC_PREPROCESSOR_DEFINITIONS = (
					"DEBUG=1",
					"$(inherited)",
				);
				GCC_WARN_64_TO_32_BIT_CONVERSION = YES;
				GCC_WARN_ABOUT_RETURN_TYPE = YES_ERROR;
				GCC_WARN_UNDECLARED_SELECTOR = YES;
				GCC_WARN_UNINITIALIZED_AUTOS = YES_AGGRESSIVE;
				GCC_WARN_UNUSED_FUNCTION = YES;
				GCC_WARN_UNUSED_VARIABLE = YES;
				MTL_ENABLE_DEBUG_INFO = INCLUDE_SOURCE;
				MTL_FAST_MATH = YES;
				ONLY_ACTIVE_ARCH = YES;
				SDKROOT = iphoneos;
				SWIFT_ACTIVE_COMPILATION_CONDITIONS = DEBUG;
				SWIFT_OPTIMIZATION_LEVEL = "-Onone";
			};
			name = Debug;
		};
		677EC77C2888C52D008B97B1 /* Release */ = {
			isa = XCBuildConfiguration;
			buildSettings = {
				ALWAYS_SEARCH_USER_PATHS = NO;
				CLANG_ANALYZER_NONNULL = YES;
				CLANG_ANALYZER_NUMBER_OBJECT_CONVERSION = YES_AGGRESSIVE;
				CLANG_CXX_LANGUAGE_STANDARD = "gnu++17";
				CLANG_ENABLE_MODULES = YES;
				CLANG_ENABLE_OBJC_ARC = YES;
				CLANG_ENABLE_OBJC_WEAK = YES;
				CLANG_WARN_BLOCK_CAPTURE_AUTORELEASING = YES;
				CLANG_WARN_BOOL_CONVERSION = YES;
				CLANG_WARN_COMMA = YES;
				CLANG_WARN_CONSTANT_CONVERSION = YES;
				CLANG_WARN_DEPRECATED_OBJC_IMPLEMENTATIONS = YES;
				CLANG_WARN_DIRECT_OBJC_ISA_USAGE = YES_ERROR;
				CLANG_WARN_DOCUMENTATION_COMMENTS = YES;
				CLANG_WARN_EMPTY_BODY = YES;
				CLANG_WARN_ENUM_CONVERSION = YES;
				CLANG_WARN_INFINITE_RECURSION = YES;
				CLANG_WARN_INT_CONVERSION = YES;
				CLANG_WARN_NON_LITERAL_NULL_CONVERSION = YES;
				CLANG_WARN_OBJC_IMPLICIT_RETAIN_SELF = YES;
				CLANG_WARN_OBJC_LITERAL_CONVERSION = YES;
				CLANG_WARN_OBJC_ROOT_CLASS = YES_ERROR;
				CLANG_WARN_QUOTED_INCLUDE_IN_FRAMEWORK_HEADER = YES;
				CLANG_WARN_RANGE_LOOP_ANALYSIS = YES;
				CLANG_WARN_STRICT_PROTOTYPES = YES;
				CLANG_WARN_SUSPICIOUS_MOVE = YES;
				CLANG_WARN_UNGUARDED_AVAILABILITY = YES_AGGRESSIVE;
				CLANG_WARN_UNREACHABLE_CODE = YES;
				CLANG_WARN__DUPLICATE_METHOD_MATCH = YES;
				COPY_PHASE_STRIP = NO;
				DEBUG_INFORMATION_FORMAT = "dwarf-with-dsym";
				ENABLE_NS_ASSERTIONS = NO;
				ENABLE_STRICT_OBJC_MSGSEND = YES;
				GCC_C_LANGUAGE_STANDARD = gnu11;
				GCC_NO_COMMON_BLOCKS = YES;
				GCC_WARN_64_TO_32_BIT_CONVERSION = YES;
				GCC_WARN_ABOUT_RETURN_TYPE = YES_ERROR;
				GCC_WARN_UNDECLARED_SELECTOR = YES;
				GCC_WARN_UNINITIALIZED_AUTOS = YES_AGGRESSIVE;
				GCC_WARN_UNUSED_FUNCTION = YES;
				GCC_WARN_UNUSED_VARIABLE = YES;
				MTL_ENABLE_DEBUG_INFO = NO;
				MTL_FAST_MATH = YES;
				SDKROOT = iphoneos;
				SWIFT_COMPILATION_MODE = wholemodule;
				SWIFT_OPTIMIZATION_LEVEL = "-O";
				VALIDATE_PRODUCT = YES;
			};
			name = Release;
		};
		677EC77E2888C52D008B97B1 /* Debug */ = {
			isa = XCBuildConfiguration;
			buildSettings = {
				ASSETCATALOG_COMPILER_COMPLICATION_NAME = Complication;
				CODE_SIGN_STYLE = Automatic;
				CURRENT_PROJECT_VERSION = 1;
				DEVELOPMENT_ASSET_PATHS = "\"AEPSampleWatchOSApp WatchKit Extension/Preview Content\"";
				DEVELOPMENT_TEAM = W25MXXD3AC;
				ENABLE_PREVIEWS = YES;
				GENERATE_INFOPLIST_FILE = YES;
				INFOPLIST_FILE = "AEPSampleWatchOSApp WatchKit Extension/Info.plist";
				INFOPLIST_KEY_CFBundleDisplayName = "AEPSampleWatchOSApp WatchKit Extension";
				INFOPLIST_KEY_CLKComplicationPrincipalClass = "$(PRODUCT_MODULE_NAME).ComplicationController";
				INFOPLIST_KEY_NSHumanReadableCopyright = "";
				INFOPLIST_KEY_WKWatchOnly = YES;
				LD_RUNPATH_SEARCH_PATHS = (
					"$(inherited)",
					"@executable_path/Frameworks",
					"@executable_path/../../Frameworks",
				);
				MARKETING_VERSION = 1.0;
				PRODUCT_BUNDLE_IDENTIFIER = co.markfrazier.AEPSampleWatchOSApp.watchkitapp.watchkitextension;
				PRODUCT_NAME = "${TARGET_NAME}";
				SDKROOT = watchos;
				SKIP_INSTALL = YES;
				SWIFT_EMIT_LOC_STRINGS = YES;
				SWIFT_VERSION = 5.0;
				TARGETED_DEVICE_FAMILY = 4;
				WATCHOS_DEPLOYMENT_TARGET = 8.5;
			};
			name = Debug;
		};
		677EC77F2888C52D008B97B1 /* Release */ = {
			isa = XCBuildConfiguration;
			buildSettings = {
				ASSETCATALOG_COMPILER_COMPLICATION_NAME = Complication;
				CODE_SIGN_STYLE = Automatic;
				CURRENT_PROJECT_VERSION = 1;
				DEVELOPMENT_ASSET_PATHS = "\"AEPSampleWatchOSApp WatchKit Extension/Preview Content\"";
				DEVELOPMENT_TEAM = W25MXXD3AC;
				ENABLE_PREVIEWS = YES;
				GENERATE_INFOPLIST_FILE = YES;
				INFOPLIST_FILE = "AEPSampleWatchOSApp WatchKit Extension/Info.plist";
				INFOPLIST_KEY_CFBundleDisplayName = "AEPSampleWatchOSApp WatchKit Extension";
				INFOPLIST_KEY_CLKComplicationPrincipalClass = "$(PRODUCT_MODULE_NAME).ComplicationController";
				INFOPLIST_KEY_NSHumanReadableCopyright = "";
				INFOPLIST_KEY_WKWatchOnly = YES;
				LD_RUNPATH_SEARCH_PATHS = (
					"$(inherited)",
					"@executable_path/Frameworks",
					"@executable_path/../../Frameworks",
				);
				MARKETING_VERSION = 1.0;
				PRODUCT_BUNDLE_IDENTIFIER = co.markfrazier.AEPSampleWatchOSApp.watchkitapp.watchkitextension;
				PRODUCT_NAME = "${TARGET_NAME}";
				SDKROOT = watchos;
				SKIP_INSTALL = YES;
				SWIFT_EMIT_LOC_STRINGS = YES;
				SWIFT_VERSION = 5.0;
				TARGETED_DEVICE_FAMILY = 4;
				WATCHOS_DEPLOYMENT_TARGET = 8.5;
			};
			name = Release;
		};
		677EC7822888C52D008B97B1 /* Debug */ = {
			isa = XCBuildConfiguration;
			buildSettings = {
				ALWAYS_EMBED_SWIFT_STANDARD_LIBRARIES = YES;
				ASSETCATALOG_COMPILER_APPICON_NAME = AppIcon;
				ASSETCATALOG_COMPILER_GLOBAL_ACCENT_COLOR_NAME = AccentColor;
				CODE_SIGN_STYLE = Automatic;
				CURRENT_PROJECT_VERSION = 1;
				DEVELOPMENT_TEAM = W25MXXD3AC;
				GENERATE_INFOPLIST_FILE = YES;
				IBSC_MODULE = AEPSampleWatchOSApp_WatchKit_Extension;
				INFOPLIST_KEY_CFBundleDisplayName = "AEPSampleWatchOSApp WatchKit App";
				INFOPLIST_KEY_UISupportedInterfaceOrientations = "UIInterfaceOrientationPortrait UIInterfaceOrientationPortraitUpsideDown";
				MARKETING_VERSION = 1.0;
				PRODUCT_BUNDLE_IDENTIFIER = co.markfrazier.AEPSampleWatchOSApp.watchkitapp;
				PRODUCT_NAME = "$(TARGET_NAME)";
				SDKROOT = watchos;
				SKIP_INSTALL = YES;
				SWIFT_EMIT_LOC_STRINGS = YES;
				SWIFT_VERSION = 5.0;
				TARGETED_DEVICE_FAMILY = 4;
				WATCHOS_DEPLOYMENT_TARGET = 8.5;
			};
			name = Debug;
		};
		677EC7832888C52D008B97B1 /* Release */ = {
			isa = XCBuildConfiguration;
			buildSettings = {
				ALWAYS_EMBED_SWIFT_STANDARD_LIBRARIES = YES;
				ASSETCATALOG_COMPILER_APPICON_NAME = AppIcon;
				ASSETCATALOG_COMPILER_GLOBAL_ACCENT_COLOR_NAME = AccentColor;
				CODE_SIGN_STYLE = Automatic;
				CURRENT_PROJECT_VERSION = 1;
				DEVELOPMENT_TEAM = W25MXXD3AC;
				GENERATE_INFOPLIST_FILE = YES;
				IBSC_MODULE = AEPSampleWatchOSApp_WatchKit_Extension;
				INFOPLIST_KEY_CFBundleDisplayName = "AEPSampleWatchOSApp WatchKit App";
				INFOPLIST_KEY_UISupportedInterfaceOrientations = "UIInterfaceOrientationPortrait UIInterfaceOrientationPortraitUpsideDown";
				MARKETING_VERSION = 1.0;
				PRODUCT_BUNDLE_IDENTIFIER = co.markfrazier.AEPSampleWatchOSApp.watchkitapp;
				PRODUCT_NAME = "$(TARGET_NAME)";
				SDKROOT = watchos;
				SKIP_INSTALL = YES;
				SWIFT_EMIT_LOC_STRINGS = YES;
				SWIFT_VERSION = 5.0;
				TARGETED_DEVICE_FAMILY = 4;
				WATCHOS_DEPLOYMENT_TARGET = 8.5;
			};
			name = Release;
		};
		677EC7862888C52D008B97B1 /* Debug */ = {
			isa = XCBuildConfiguration;
			buildSettings = {
				CODE_SIGN_STYLE = Automatic;
				CURRENT_PROJECT_VERSION = 1;
				DEVELOPMENT_TEAM = W25MXXD3AC;
				MARKETING_VERSION = 1.0;
				PRODUCT_BUNDLE_IDENTIFIER = co.markfrazier.AEPSampleWatchOSApp;
				PRODUCT_NAME = "$(TARGET_NAME)";
				SWIFT_VERSION = 5.0;
			};
			name = Debug;
		};
		677EC7872888C52D008B97B1 /* Release */ = {
			isa = XCBuildConfiguration;
			buildSettings = {
				CODE_SIGN_STYLE = Automatic;
				CURRENT_PROJECT_VERSION = 1;
				DEVELOPMENT_TEAM = W25MXXD3AC;
				MARKETING_VERSION = 1.0;
				PRODUCT_BUNDLE_IDENTIFIER = co.markfrazier.AEPSampleWatchOSApp;
				PRODUCT_NAME = "$(TARGET_NAME)";
				SWIFT_VERSION = 5.0;
			};
			name = Release;
		};
/* End XCBuildConfiguration section */

/* Begin XCConfigurationList section */
		677EC7532888C52C008B97B1 /* Build configuration list for PBXProject "AEPSampleWatchOSApp" */ = {
			isa = XCConfigurationList;
			buildConfigurations = (
				677EC77B2888C52D008B97B1 /* Debug */,
				677EC77C2888C52D008B97B1 /* Release */,
			);
			defaultConfigurationIsVisible = 0;
			defaultConfigurationName = Release;
		};
		677EC77D2888C52D008B97B1 /* Build configuration list for PBXNativeTarget "AEPSampleWatchOSApp WatchKit Extension" */ = {
			isa = XCConfigurationList;
			buildConfigurations = (
				677EC77E2888C52D008B97B1 /* Debug */,
				677EC77F2888C52D008B97B1 /* Release */,
			);
			defaultConfigurationIsVisible = 0;
			defaultConfigurationName = Release;
		};
		677EC7812888C52D008B97B1 /* Build configuration list for PBXNativeTarget "AEPSampleWatchOSApp WatchKit App" */ = {
			isa = XCConfigurationList;
			buildConfigurations = (
				677EC7822888C52D008B97B1 /* Debug */,
				677EC7832888C52D008B97B1 /* Release */,
			);
			defaultConfigurationIsVisible = 0;
			defaultConfigurationName = Release;
		};
		677EC7852888C52D008B97B1 /* Build configuration list for PBXNativeTarget "AEPSampleWatchOSApp" */ = {
			isa = XCConfigurationList;
			buildConfigurations = (
				677EC7862888C52D008B97B1 /* Debug */,
				677EC7872888C52D008B97B1 /* Release */,
			);
			defaultConfigurationIsVisible = 0;
			defaultConfigurationName = Release;
		};
/* End XCConfigurationList section */

/* Begin XCSwiftPackageProductDependency section */
		67FDC50F288B2D360097EADB /* AEPCore */ = {
			isa = XCSwiftPackageProductDependency;
			productName = AEPCore;
		};
		67FDC511288B2D360097EADB /* AEPIdentity */ = {
			isa = XCSwiftPackageProductDependency;
			productName = AEPIdentity;
		};
		67FDC513288B2D360097EADB /* AEPLifecycle */ = {
			isa = XCSwiftPackageProductDependency;
			productName = AEPLifecycle;
		};
		67FDC515288B2D360097EADB /* AEPServices */ = {
			isa = XCSwiftPackageProductDependency;
			productName = AEPServices;
		};
		67FDC517288B2D360097EADB /* AEPSignal */ = {
			isa = XCSwiftPackageProductDependency;
			productName = AEPSignal;
		};
/* End XCSwiftPackageProductDependency section */
	};
	rootObject = 677EC7502888C52C008B97B1 /* Project object */;
}
