PODS:
  - AEPCore (3.7.0):
    - AEPRulesEngine (>= 1.1.0)
    - AEPServices (>= 3.7.0)
  - AEPIdentity (3.7.0):
    - AEPCore (>= 3.7.0)
  - AEPLifecycle (3.7.0):
    - AEPCore (>= 3.7.0)
  - AEPRulesEngine (1.2.0)
  - AEPServices (3.7.0)
  - AEPSignal (3.7.0):
    - AEPCore (>= 3.7.0)

DEPENDENCIES:
  - AEPCore (from `https://github.com/FrazierMark/aepsdk-test.git`)
  - AEPIdentity (from `https://github.com/FrazierMark/aepsdk-test.git`)
  - AEPLifecycle (from `https://github.com/FrazierMark/aepsdk-test.git`)
  - AEPRulesEngine (from `https://github.com/FrazierMark/aepsdk-rulesengine-ios.git`)
  - AEPServices (from `https://github.com/FrazierMark/aepsdk-test.git`)
  - AEPSignal (from `https://github.com/FrazierMark/aepsdk-test.git`)

EXTERNAL SOURCES:
  AEPCore:
    :git: https://github.com/FrazierMark/aepsdk-test.git
  AEPIdentity:
    :git: https://github.com/FrazierMark/aepsdk-test.git
  AEPLifecycle:
    :git: https://github.com/FrazierMark/aepsdk-test.git
  AEPRulesEngine:
    :git: https://github.com/FrazierMark/aepsdk-rulesengine-ios.git
  AEPServices:
    :git: https://github.com/FrazierMark/aepsdk-test.git
  AEPSignal:
    :git: https://github.com/FrazierMark/aepsdk-test.git

CHECKOUT OPTIONS:
  AEPCore:
    :commit: 9e22a4e5d132b267211f0b7a0e1085557777eaac
    :git: https://github.com/FrazierMark/aepsdk-test.git
  AEPIdentity:
    :commit: 9e22a4e5d132b267211f0b7a0e1085557777eaac
    :git: https://github.com/FrazierMark/aepsdk-test.git
  AEPLifecycle:
    :commit: 9e22a4e5d132b267211f0b7a0e1085557777eaac
    :git: https://github.com/FrazierMark/aepsdk-test.git
  AEPRulesEngine:
    :commit: 9c42c84e4f384a4bb9a9f6e40f98c14c4d798eeb
    :git: https://github.com/FrazierMark/aepsdk-rulesengine-ios.git
  AEPServices:
    :commit: 9e22a4e5d132b267211f0b7a0e1085557777eaac
    :git: https://github.com/FrazierMark/aepsdk-test.git
  AEPSignal:
    :commit: 9e22a4e5d132b267211f0b7a0e1085557777eaac
    :git: https://github.com/FrazierMark/aepsdk-test.git

SPEC CHECKSUMS:
  AEPCore: a6180fe571ec9f62409fbd871dd020cd32f0329a
  AEPIdentity: 8bea5ad12e7b43d6f240c1f5d3e95d6a05f303a8
  AEPLifecycle: 718dc4fe84792bb17f6d5fe58046db249d008364
  AEPRulesEngine: c0b7315ee4f7f28dc325f8fbbce64fcf1a7b437e
  AEPServices: 22fbbf7c1ca72371432fbdab36f9a0ae16aeca88
  AEPSignal: 59ac1bec7a9f861de511cbdd206c9d3988a65db6

PODFILE CHECKSUM: eb4efb4a17d5d4185b6783067c9bba1eb32a650e

COCOAPODS: 1.11.3
